
Microsoft Visual Studio Solution File, Format Version 12.00
# Visual Studio 15
VisualStudioVersion = 15.0.26124.0
MinimumVisualStudioVersion = 15.0.26124.0
Project("{2150E333-8FDC-42A3-9474-1A3956D46DE8}") = "GreenDonut", "GreenDonut", "{186C3CFF-88C4-4FC2-A7B4-5B612222C3CF}"
EndProject
Project("{2150E333-8FDC-42A3-9474-1A3956D46DE8}") = "src", "src", "{F59E4E69-3613-4577-9F17-521508603B11}"
EndProject
Project("{FAE04EC0-301F-11D3-BF4B-00C04F79EFBC}") = "GreenDonut", "GreenDonut\src\Core\GreenDonut.csproj", "{A0BE6907-27F7-4A8E-A3E4-E87ABDABA4C4}"
EndProject
Project("{2150E333-8FDC-42A3-9474-1A3956D46DE8}") = "test", "test", "{1F18F85B-F30A-4B79-A780-A14BAE465F2A}"
EndProject
Project("{FAE04EC0-301F-11D3-BF4B-00C04F79EFBC}") = "GreenDonut.Tests", "GreenDonut\test\Core.Tests\GreenDonut.Tests.csproj", "{69B488F8-A70E-4D07-8EBF-0E05C388EA06}"
EndProject
Project("{FAE04EC0-301F-11D3-BF4B-00C04F79EFBC}") = "GreenDonut.DiagnosticSource.Tests", "GreenDonut\test\DiagnosticSource.Tests\GreenDonut.DiagnosticSource.Tests.csproj", "{3AC1BC83-7556-4F97-A43D-14B4AA668715}"
EndProject
Project("{2150E333-8FDC-42A3-9474-1A3956D46DE8}") = "HotChocolate", "HotChocolate", "{1AC76436-3DD8-494F-B63B-3710999E6A3D}"
EndProject
Project("{2150E333-8FDC-42A3-9474-1A3956D46DE8}") = "AspNetCore", "AspNetCore", "{1777CF89-4423-4456-A89A-6034A9C51B02}"
EndProject
Project("{2150E333-8FDC-42A3-9474-1A3956D46DE8}") = "src", "src", "{3F9E330F-EFA3-4164-A23D-465591604BE3}"
EndProject
Project("{FAE04EC0-301F-11D3-BF4B-00C04F79EFBC}") = "HotChocolate.AspNetCore", "HotChocolate\AspNetCore\src\AspNetCore\HotChocolate.AspNetCore.csproj", "{9FE3602F-BC15-4178-B517-08359222B66F}"
EndProject
Project("{FAE04EC0-301F-11D3-BF4B-00C04F79EFBC}") = "HotChocolate.AspNetCore.Authorization", "HotChocolate\AspNetCore\src\AspNetCore.Authorization\HotChocolate.AspNetCore.Authorization.csproj", "{1420A078-CE0B-4ABE-8BF9-C21BBC7CF847}"
EndProject
Project("{2150E333-8FDC-42A3-9474-1A3956D46DE8}") = "test", "test", "{6918889F-B425-43F6-A40C-82C0E5BF5034}"
EndProject
Project("{FAE04EC0-301F-11D3-BF4B-00C04F79EFBC}") = "HotChocolate.AspNetCore.Authorization.Tests", "HotChocolate\AspNetCore\test\AspNetCore.Authorization.Tests\HotChocolate.AspNetCore.Authorization.Tests.csproj", "{0767A9B6-139F-4222-ABBE-0F901A27FE22}"
EndProject
Project("{FAE04EC0-301F-11D3-BF4B-00C04F79EFBC}") = "HotChocolate.AspNetCore.Tests", "HotChocolate\AspNetCore\test\AspNetCore.Tests\HotChocolate.AspNetCore.Tests.csproj", "{0B4D386D-DA32-4E97-AFD2-10EFF925DDED}"
EndProject
Project("{2150E333-8FDC-42A3-9474-1A3956D46DE8}") = "Core", "Core", "{70E91829-DE53-4A3B-A6D1-DED3E14D6F81}"
EndProject
Project("{2150E333-8FDC-42A3-9474-1A3956D46DE8}") = "src", "src", "{1D9CB08D-B9B3-4AC8-85D3-A287B03C97A2}"
EndProject
Project("{FAE04EC0-301F-11D3-BF4B-00C04F79EFBC}") = "HotChocolate.Abstractions", "HotChocolate\Core\src\Abstractions\HotChocolate.Abstractions.csproj", "{13D6B9BC-7006-4FB2-8067-750FA4BB45C3}"
EndProject
Project("{FAE04EC0-301F-11D3-BF4B-00C04F79EFBC}") = "HotChocolate.Core", "HotChocolate\Core\src\Core\HotChocolate.Core.csproj", "{9F765B3A-BB71-45FB-816C-42E202A6A8EF}"
EndProject
Project("{FAE04EC0-301F-11D3-BF4B-00C04F79EFBC}") = "HotChocolate.Execution", "HotChocolate\Core\src\Execution\HotChocolate.Execution.csproj", "{AF7BB703-1F37-4299-8B96-F19FA85C2BA6}"
EndProject
Project("{FAE04EC0-301F-11D3-BF4B-00C04F79EFBC}") = "HotChocolate.Fetching", "HotChocolate\Core\src\Fetching\HotChocolate.Fetching.csproj", "{B4C38A0D-040C-4BF4-BB1D-E0048DB04E85}"
EndProject
Project("{FAE04EC0-301F-11D3-BF4B-00C04F79EFBC}") = "HotChocolate.Subscriptions", "HotChocolate\Core\src\Subscriptions\HotChocolate.Subscriptions.csproj", "{19F552DF-FF39-4137-A775-7E0BF32545E4}"
EndProject
Project("{FAE04EC0-301F-11D3-BF4B-00C04F79EFBC}") = "HotChocolate.Subscriptions.InMemory", "HotChocolate\Core\src\Subscriptions.InMemory\HotChocolate.Subscriptions.InMemory.csproj", "{09FD5E11-6EE5-4337-AC6B-D53C9FA61C93}"
EndProject
Project("{FAE04EC0-301F-11D3-BF4B-00C04F79EFBC}") = "HotChocolate.Subscriptions.Redis", "HotChocolate\Core\src\Subscriptions.Redis\HotChocolate.Subscriptions.Redis.csproj", "{0D58EB8A-4B58-48F2-9071-D190E6BAE171}"
EndProject
Project("{FAE04EC0-301F-11D3-BF4B-00C04F79EFBC}") = "HotChocolate.Types", "HotChocolate\Core\src\Types\HotChocolate.Types.csproj", "{57B6A53F-8EC1-4DBB-967F-93CDB886EFCA}"
EndProject
Project("{FAE04EC0-301F-11D3-BF4B-00C04F79EFBC}") = "HotChocolate.Types.CursorPagination", "HotChocolate\Core\src\Types.CursorPagination\HotChocolate.Types.CursorPagination.csproj", "{C572F261-8C8A-42CC-BB23-5A48175E166E}"
EndProject
Project("{FAE04EC0-301F-11D3-BF4B-00C04F79EFBC}") = "HotChocolate.Types.OffsetPagination", "HotChocolate\Core\src\Types.OffsetPagination\HotChocolate.Types.OffsetPagination.csproj", "{09B3F37D-EB7F-4466-A988-A2050BC5199F}"
EndProject
Project("{FAE04EC0-301F-11D3-BF4B-00C04F79EFBC}") = "HotChocolate.Validation", "HotChocolate\Core\src\Validation\HotChocolate.Validation.csproj", "{D639F2FD-F9FC-4D37-806B-4338F925A2E2}"
EndProject
Project("{2150E333-8FDC-42A3-9474-1A3956D46DE8}") = "test", "test", "{F7CAEB73-C0BB-4C95-84D4-5544D1F700D1}"
EndProject
Project("{FAE04EC0-301F-11D3-BF4B-00C04F79EFBC}") = "HotChocolate.Abstractions.Tests", "HotChocolate\Core\test\Abstractions.Tests\HotChocolate.Abstractions.Tests.csproj", "{09D8690A-0DBC-4AD8-B9BA-F93097EA1131}"
EndProject
Project("{FAE04EC0-301F-11D3-BF4B-00C04F79EFBC}") = "HotChocolate.Execution.Tests", "HotChocolate\Core\test\Execution.Tests\HotChocolate.Execution.Tests.csproj", "{A510AE5C-3D14-438C-AD23-73C3DED8D177}"
EndProject
Project("{FAE04EC0-301F-11D3-BF4B-00C04F79EFBC}") = "HotChocolate.Fetching.Tests", "HotChocolate\Core\test\Fetching.Tests\HotChocolate.Fetching.Tests.csproj", "{10C92D6F-E7EE-4578-A2A6-64196C27571E}"
EndProject
Project("{FAE04EC0-301F-11D3-BF4B-00C04F79EFBC}") = "HotChocolate.StarWars", "HotChocolate\Core\test\StarWars\HotChocolate.StarWars.csproj", "{AB96AA3E-6031-4B68-8B5C-B8BDF50B86DB}"
EndProject
Project("{FAE04EC0-301F-11D3-BF4B-00C04F79EFBC}") = "HotChocolate.Subscriptions.InMemory.Tests", "HotChocolate\Core\test\Subscriptions.InMemory.Tests\HotChocolate.Subscriptions.InMemory.Tests.csproj", "{FCFD84C6-6258-4CEC-B528-17E952AD9BB6}"
EndProject
Project("{FAE04EC0-301F-11D3-BF4B-00C04F79EFBC}") = "HotChocolate.Subscriptions.Redis.Tests", "HotChocolate\Core\test\Subscriptions.Redis.Tests\HotChocolate.Subscriptions.Redis.Tests.csproj", "{C52DAD34-B203-4755-AD16-C637CA960CA1}"
EndProject
Project("{FAE04EC0-301F-11D3-BF4B-00C04F79EFBC}") = "HotChocolate.Types.CursorPagination.Tests", "HotChocolate\Core\test\Types.CursorPagination.Tests\HotChocolate.Types.CursorPagination.Tests.csproj", "{DE8F1B53-28E7-4725-A3E9-198017ECEE2A}"
EndProject
Project("{FAE04EC0-301F-11D3-BF4B-00C04F79EFBC}") = "HotChocolate.Types.OffsetPagination.Tests", "HotChocolate\Core\test\Types.OffsetPagination.Tests\HotChocolate.Types.OffsetPagination.Tests.csproj", "{C41840A5-79C3-45D5-8F5C-8DADB5653543}"
EndProject
Project("{FAE04EC0-301F-11D3-BF4B-00C04F79EFBC}") = "HotChocolate.Types.Records.Tests", "HotChocolate\Core\test\Types.Records.Tests\HotChocolate.Types.Records.Tests.csproj", "{5672B24D-E2A0-4AA4-AFEF-E987AEBAB4D6}"
EndProject
Project("{FAE04EC0-301F-11D3-BF4B-00C04F79EFBC}") = "HotChocolate.Types.Tests", "HotChocolate\Core\test\Types.Tests\HotChocolate.Types.Tests.csproj", "{5A6C0F2A-7223-459A-864F-4AADB37A8173}"
EndProject
Project("{FAE04EC0-301F-11D3-BF4B-00C04F79EFBC}") = "HotChocolate.Types.Tests.Documentation", "HotChocolate\Core\test\Types.Tests.Documentation\HotChocolate.Types.Tests.Documentation.csproj", "{002C151A-60E2-45F0-A741-9063AF2855E6}"
EndProject
Project("{FAE04EC0-301F-11D3-BF4B-00C04F79EFBC}") = "HotChocolate.Tests.Utilities", "HotChocolate\Core\test\Utilities\HotChocolate.Tests.Utilities.csproj", "{5E81CE8A-C3F4-4298-B3C9-9FF0163E7F28}"
EndProject
Project("{FAE04EC0-301F-11D3-BF4B-00C04F79EFBC}") = "HotChocolate.Validation.Tests", "HotChocolate\Core\test\Validation.Tests\HotChocolate.Validation.Tests.csproj", "{81AA7319-FC6C-4787-9148-9D881B0C4525}"
EndProject
Project("{2150E333-8FDC-42A3-9474-1A3956D46DE8}") = "Language", "Language", "{2BDF405F-6780-49E6-90CF-2F1A7A7073A8}"
EndProject
Project("{2150E333-8FDC-42A3-9474-1A3956D46DE8}") = "src", "src", "{9317D102-B063-45D0-9F6F-C73DDC61BE88}"
EndProject
Project("{FAE04EC0-301F-11D3-BF4B-00C04F79EFBC}") = "HotChocolate.Language", "HotChocolate\Language\src\Language\HotChocolate.Language.csproj", "{ECC15A7E-2779-4B83-9A08-68FB66B8C208}"
EndProject
Project("{FAE04EC0-301F-11D3-BF4B-00C04F79EFBC}") = "HotChocolate.Language.SyntaxTree", "HotChocolate\Language\src\Language.SyntaxTree\HotChocolate.Language.SyntaxTree.csproj", "{04625DD5-2CC1-4535-878B-EB9A5E45538A}"
EndProject
Project("{FAE04EC0-301F-11D3-BF4B-00C04F79EFBC}") = "HotChocolate.Language.Utf8", "HotChocolate\Language\src\Language.Utf8\HotChocolate.Language.Utf8.csproj", "{803D4F72-B37D-4D19-A0E4-FCD5BD4CFC7B}"
EndProject
Project("{FAE04EC0-301F-11D3-BF4B-00C04F79EFBC}") = "HotChocolate.Language.Visitors", "HotChocolate\Language\src\Language.Visitors\HotChocolate.Language.Visitors.csproj", "{CA86AD99-D6DC-46C1-9908-EBB69EA06036}"
EndProject
Project("{2150E333-8FDC-42A3-9474-1A3956D46DE8}") = "test", "test", "{EAECD454-0868-4425-A565-F139F6644018}"
EndProject
Project("{FAE04EC0-301F-11D3-BF4B-00C04F79EFBC}") = "HotChocolate.Language.Tests", "HotChocolate\Language\test\Language.Tests\HotChocolate.Language.Tests.csproj", "{DDC0F821-68D7-414D-AAC6-617D1378958F}"
EndProject
Project("{2150E333-8FDC-42A3-9474-1A3956D46DE8}") = "PersistedQueries", "PersistedQueries", "{D57EDA33-679C-4522-997C-374B8B6E5DE8}"
EndProject
Project("{2150E333-8FDC-42A3-9474-1A3956D46DE8}") = "src", "src", "{B68E7732-1AC9-44CE-A683-01213CE6CFCF}"
EndProject
Project("{FAE04EC0-301F-11D3-BF4B-00C04F79EFBC}") = "HotChocolate.PersistedQueries.FileSystem", "HotChocolate\PersistedQueries\src\PersistedQueries.FileSystem\HotChocolate.PersistedQueries.FileSystem.csproj", "{19234B2C-B202-4E1F-9BE7-9468FEB635BC}"
EndProject
Project("{FAE04EC0-301F-11D3-BF4B-00C04F79EFBC}") = "HotChocolate.PersistedQueries.Redis", "HotChocolate\PersistedQueries\src\PersistedQueries.Redis\HotChocolate.PersistedQueries.Redis.csproj", "{9FDA1085-C051-4BE3-9952-405A2E52E232}"
EndProject
Project("{2150E333-8FDC-42A3-9474-1A3956D46DE8}") = "test", "test", "{F6AFE9AF-DE94-4F6B-B5AC-56F6BB721CA3}"
EndProject
Project("{FAE04EC0-301F-11D3-BF4B-00C04F79EFBC}") = "HotChocolate.PersistedQueries.FileSystem.Tests", "HotChocolate\PersistedQueries\test\PersistedQueries.FileSystem.Tests\HotChocolate.PersistedQueries.FileSystem.Tests.csproj", "{B0F1C222-26E0-43A5-A681-60D101704AD6}"
EndProject
Project("{FAE04EC0-301F-11D3-BF4B-00C04F79EFBC}") = "HotChocolate.PersistedQueries.Redis.Tests", "HotChocolate\PersistedQueries\test\PersistedQueries.Redis.Tests\HotChocolate.PersistedQueries.Redis.Tests.csproj", "{CCF5FC7B-3622-4EAE-B245-175EB187CE6A}"
EndProject
Project("{2150E333-8FDC-42A3-9474-1A3956D46DE8}") = "Utilities", "Utilities", "{08432BB8-E55E-4835-B5BD-7333DADF7304}"
EndProject
Project("{2150E333-8FDC-42A3-9474-1A3956D46DE8}") = "src", "src", "{8201A2E1-E6F7-4599-85F7-A55495B80D05}"
EndProject
Project("{FAE04EC0-301F-11D3-BF4B-00C04F79EFBC}") = "HotChocolate.Utilities", "HotChocolate\Utilities\src\Utilities\HotChocolate.Utilities.csproj", "{9E09AEE4-03B0-48CC-85E1-7BF0CDAE4510}"
EndProject
Project("{FAE04EC0-301F-11D3-BF4B-00C04F79EFBC}") = "HotChocolate.Utilities.Introspection", "HotChocolate\Utilities\src\Utilities.Introspection\HotChocolate.Utilities.Introspection.csproj", "{4A7FEF95-2D66-4C1B-80E7-190484F21815}"
EndProject
Project("{2150E333-8FDC-42A3-9474-1A3956D46DE8}") = "test", "test", "{EF5F7BA6-8873-42E8-8BE3-A6F09C431D67}"
EndProject
Project("{FAE04EC0-301F-11D3-BF4B-00C04F79EFBC}") = "HotChocolate.Utilities.Tests", "HotChocolate\Utilities\test\Utilities.Tests\HotChocolate.Utilities.Tests.csproj", "{17BB4E49-B711-4585-85F0-325EF430FEB4}"
EndProject
Project("{2150E333-8FDC-42A3-9474-1A3956D46DE8}") = "Data", "Data", "{7A67BD6A-33A8-4CD1-A3A0-534E6011D3CB}"
EndProject
Project("{2150E333-8FDC-42A3-9474-1A3956D46DE8}") = "src", "src", "{E8D96F81-733F-47F0-A78C-5717E867E2AB}"
EndProject
Project("{FAE04EC0-301F-11D3-BF4B-00C04F79EFBC}") = "HotChocolate.Data", "HotChocolate\Data\src\Data\HotChocolate.Data.csproj", "{DF721CE3-DA6C-400B-A481-AAFB254EF070}"
EndProject
Project("{FAE04EC0-301F-11D3-BF4B-00C04F79EFBC}") = "HotChocolate.Data.EntityFramework", "HotChocolate\Data\src\EntityFramework\HotChocolate.Data.EntityFramework.csproj", "{507D32A4-E492-4CD2-8201-4A7BEFF7D005}"
EndProject
Project("{2150E333-8FDC-42A3-9474-1A3956D46DE8}") = "test", "test", "{E2A0B9BD-D82E-4895-9496-D4E146D1A78E}"
EndProject
Project("{FAE04EC0-301F-11D3-BF4B-00C04F79EFBC}") = "HotChocolate.Data.EntityFramework.Tests", "HotChocolate\Data\test\Data.EntityFramework.Tests\HotChocolate.Data.EntityFramework.Tests.csproj", "{220B20CE-8701-4608-A93C-86B16B7F356A}"
EndProject
Project("{FAE04EC0-301F-11D3-BF4B-00C04F79EFBC}") = "HotChocolate.Data.Filters.InMemory.Tests", "HotChocolate\Data\test\Data.Filters.InMemory.Tests\HotChocolate.Data.Filters.InMemory.Tests.csproj", "{3802F361-C3CB-4C23-95EF-C5EF874186C2}"
EndProject
Project("{FAE04EC0-301F-11D3-BF4B-00C04F79EFBC}") = "HotChocolate.Data.Filters.SqlServer.Tests", "HotChocolate\Data\test\Data.Filters.SqlServer.Tests\HotChocolate.Data.Filters.SqlServer.Tests.csproj", "{7242DC6E-75AD-478E-9EE5-0BB07B99D7C8}"
EndProject
Project("{FAE04EC0-301F-11D3-BF4B-00C04F79EFBC}") = "HotChocolate.Data.Filters.Tests", "HotChocolate\Data\test\Data.Filters.Tests\HotChocolate.Data.Filters.Tests.csproj", "{4D18F0CA-CB0A-47CC-8BE7-A1CC9C451938}"
EndProject
Project("{FAE04EC0-301F-11D3-BF4B-00C04F79EFBC}") = "HotChocolate.Data.Projections.SqlServer.Tests", "HotChocolate\Data\test\Data.Projections.SqlServer.Tests\HotChocolate.Data.Projections.SqlServer.Tests.csproj", "{8BCBDB5C-25B0-4172-B1CE-B778A6DDEDF9}"
EndProject
Project("{FAE04EC0-301F-11D3-BF4B-00C04F79EFBC}") = "HotChocolate.Data.Projections.Tests", "HotChocolate\Data\test\Data.Projections.Tests\HotChocolate.Data.Projections.Tests.csproj", "{E3339D7F-A594-4969-BF46-65E7B3897DEF}"
EndProject
Project("{FAE04EC0-301F-11D3-BF4B-00C04F79EFBC}") = "HotChocolate.Data.Sorting.InMemory.Tests", "HotChocolate\Data\test\Data.Sorting.InMemory.Tests\HotChocolate.Data.Sorting.InMemory.Tests.csproj", "{6DD134F6-8FB3-4F0B-B762-CB6DFBA7B661}"
EndProject
Project("{FAE04EC0-301F-11D3-BF4B-00C04F79EFBC}") = "HotChocolate.Data.Sorting.SqlLite.Tests", "HotChocolate\Data\test\Data.Sorting.SqlLite.Tests\HotChocolate.Data.Sorting.SqlLite.Tests.csproj", "{8AFF7210-7931-43B5-8816-4086A859A124}"
EndProject
Project("{FAE04EC0-301F-11D3-BF4B-00C04F79EFBC}") = "HotChocolate.Data.Sorting.Tests", "HotChocolate\Data\test\Data.Sorting.Tests\HotChocolate.Data.Sorting.Tests.csproj", "{ACE0559F-F2E5-43FA-8EBF-7ECB6D45BB2B}"
EndProject
Project("{FAE04EC0-301F-11D3-BF4B-00C04F79EFBC}") = "HotChocolate.Data.Tests", "HotChocolate\Data\test\Data.Tests\HotChocolate.Data.Tests.csproj", "{374B4A1D-F068-4BFF-BEED-4BDFA32EF23C}"
EndProject
Project("{2150E333-8FDC-42A3-9474-1A3956D46DE8}") = "Filters", "Filters", "{9A8DE1F5-55BD-427F-926F-9211B80124E7}"
EndProject
Project("{2150E333-8FDC-42A3-9474-1A3956D46DE8}") = "src", "src", "{4A9C4870-577F-416D-8A41-668AC34A62D3}"
EndProject
Project("{FAE04EC0-301F-11D3-BF4B-00C04F79EFBC}") = "HotChocolate.Types.Filters", "HotChocolate\Filters\src\Types.Filters\HotChocolate.Types.Filters.csproj", "{480B740B-5496-4FE9-99F9-0149CEEFB11C}"
EndProject
Project("{FAE04EC0-301F-11D3-BF4B-00C04F79EFBC}") = "HotChocolate.Types.Sorting", "HotChocolate\Filters\src\Types.Sorting\HotChocolate.Types.Sorting.csproj", "{EAE57917-142C-4623-BBFD-950CADA05ACD}"
EndProject
Project("{2150E333-8FDC-42A3-9474-1A3956D46DE8}") = "test", "test", "{5BFE4375-ECE8-4123-BD33-EBBBB1219BC3}"
EndProject
Project("{FAE04EC0-301F-11D3-BF4B-00C04F79EFBC}") = "HotChocolate.Types.Filters.Mongo.Tests", "HotChocolate\Filters\test\Types.Filters.Mongo.Tests\HotChocolate.Types.Filters.Mongo.Tests.csproj", "{4B8BC457-A7E9-499A-8609-E61ABE29719A}"
EndProject
Project("{FAE04EC0-301F-11D3-BF4B-00C04F79EFBC}") = "HotChocolate.Types.Filters.Tests", "HotChocolate\Filters\test\Types.Filters.Tests\HotChocolate.Types.Filters.Tests.csproj", "{BFD77DDE-35AF-4104-BD23-5C5541D3298C}"
EndProject
Project("{FAE04EC0-301F-11D3-BF4B-00C04F79EFBC}") = "HotChocolate.Types.Sorting.Mongo.Tests", "HotChocolate\Filters\test\Types.Sorting.Mongo.Tests\HotChocolate.Types.Sorting.Mongo.Tests.csproj", "{D1461479-72BF-45EC-9392-4520E6A445C4}"
EndProject
Project("{FAE04EC0-301F-11D3-BF4B-00C04F79EFBC}") = "HotChocolate.Types.Sorting.Tests", "HotChocolate\Filters\test\Types.Sorting.Tests\HotChocolate.Types.Sorting.Tests.csproj", "{59A4A84A-0CA4-474D-9A78-50FDB0D6F682}"
EndProject
Project("{2150E333-8FDC-42A3-9474-1A3956D46DE8}") = "Stitching", "Stitching", "{79ED0358-8B03-4888-9DFD-6E2505102595}"
EndProject
Project("{2150E333-8FDC-42A3-9474-1A3956D46DE8}") = "src", "src", "{72F6C1AC-65FF-4527-8B88-444BA5E928CD}"
EndProject
Project("{FAE04EC0-301F-11D3-BF4B-00C04F79EFBC}") = "HotChocolate.Stitching", "HotChocolate\Stitching\src\Stitching\HotChocolate.Stitching.csproj", "{68468993-ACC2-4C93-AB58-86E80C15574B}"
EndProject
Project("{FAE04EC0-301F-11D3-BF4B-00C04F79EFBC}") = "HotChocolate.Stitching.Abstractions", "HotChocolate\Stitching\src\Stitching.Abstractions\HotChocolate.Stitching.Abstractions.csproj", "{5B53C76B-FA2A-440E-BDFF-E489E7E2D609}"
EndProject
Project("{FAE04EC0-301F-11D3-BF4B-00C04F79EFBC}") = "HotChocolate.Stitching.Redis", "HotChocolate\Stitching\src\Stitching.Redis\HotChocolate.Stitching.Redis.csproj", "{F1A9D07E-0E1C-4EE6-9F4F-420A7B2E55E4}"
EndProject
Project("{2150E333-8FDC-42A3-9474-1A3956D46DE8}") = "test", "test", "{AF6C8CEC-785E-4FF2-8673-C240ACBE1472}"
EndProject
Project("{FAE04EC0-301F-11D3-BF4B-00C04F79EFBC}") = "HotChocolate.Stitching.Tests", "HotChocolate\Stitching\test\Stitching.Tests\HotChocolate.Stitching.Tests.csproj", "{9E807930-574B-470F-8719-FC8D91CF86B4}"
EndProject
Project("{2150E333-8FDC-42A3-9474-1A3956D46DE8}") = "Spatial", "Spatial", "{EDB4913E-3A4F-4FEE-B29D-51CD5B298CB7}"
EndProject
Project("{2150E333-8FDC-42A3-9474-1A3956D46DE8}") = "src", "src", "{5C7BDB2F-E4DE-479B-AF2B-632FE338A136}"
EndProject
Project("{FAE04EC0-301F-11D3-BF4B-00C04F79EFBC}") = "HotChocolate.Data.Spatial", "HotChocolate\Spatial\src\Data\HotChocolate.Data.Spatial.csproj", "{2E14DB09-0399-471E-91E7-44ABB665ED24}"
EndProject
Project("{FAE04EC0-301F-11D3-BF4B-00C04F79EFBC}") = "HotChocolate.Types.Spatial", "HotChocolate\Spatial\src\Types\HotChocolate.Types.Spatial.csproj", "{19640A46-9402-4024-B070-45197881B27C}"
EndProject
Project("{2150E333-8FDC-42A3-9474-1A3956D46DE8}") = "test", "test", "{2B69740E-735D-4DE4-98BA-CE9B5776B2F2}"
EndProject
Project("{FAE04EC0-301F-11D3-BF4B-00C04F79EFBC}") = "HotChocolate.Spatial.Data.Filters.SqlServer.Tests", "HotChocolate\Spatial\test\Data.Filters.SqlServer.Tests\HotChocolate.Spatial.Data.Filters.SqlServer.Tests.csproj", "{10850E92-EDA5-4B24-9D52-95D29A3C6299}"
EndProject
Project("{FAE04EC0-301F-11D3-BF4B-00C04F79EFBC}") = "HotChocolate.Data.Spatial.Tests", "HotChocolate\Spatial\test\Data.Tests\HotChocolate.Data.Spatial.Tests.csproj", "{DBCBC8ED-685D-49A8-8985-43CE04951953}"
EndProject
Project("{FAE04EC0-301F-11D3-BF4B-00C04F79EFBC}") = "HotChocolate.Types.Spatial.Tests", "HotChocolate\Spatial\test\Types.Tests\HotChocolate.Types.Spatial.Tests.csproj", "{00E865B4-D19C-4DE6-BEF0-049C38BD7434}"
EndProject
Global
	GlobalSection(SolutionConfigurationPlatforms) = preSolution
		Debug|Any CPU = Debug|Any CPU
		Debug|x64 = Debug|x64
		Debug|x86 = Debug|x86
		Release|Any CPU = Release|Any CPU
		Release|x64 = Release|x64
		Release|x86 = Release|x86
	EndGlobalSection
	GlobalSection(SolutionProperties) = preSolution
		HideSolutionNode = FALSE
	EndGlobalSection
	GlobalSection(ProjectConfigurationPlatforms) = postSolution
		{A0BE6907-27F7-4A8E-A3E4-E87ABDABA4C4}.Debug|Any CPU.ActiveCfg = Debug|Any CPU
		{A0BE6907-27F7-4A8E-A3E4-E87ABDABA4C4}.Debug|Any CPU.Build.0 = Debug|Any CPU
		{A0BE6907-27F7-4A8E-A3E4-E87ABDABA4C4}.Debug|x64.ActiveCfg = Debug|Any CPU
		{A0BE6907-27F7-4A8E-A3E4-E87ABDABA4C4}.Debug|x64.Build.0 = Debug|Any CPU
		{A0BE6907-27F7-4A8E-A3E4-E87ABDABA4C4}.Debug|x86.ActiveCfg = Debug|Any CPU
		{A0BE6907-27F7-4A8E-A3E4-E87ABDABA4C4}.Debug|x86.Build.0 = Debug|Any CPU
		{A0BE6907-27F7-4A8E-A3E4-E87ABDABA4C4}.Release|Any CPU.ActiveCfg = Release|Any CPU
		{A0BE6907-27F7-4A8E-A3E4-E87ABDABA4C4}.Release|Any CPU.Build.0 = Release|Any CPU
		{A0BE6907-27F7-4A8E-A3E4-E87ABDABA4C4}.Release|x64.ActiveCfg = Release|Any CPU
		{A0BE6907-27F7-4A8E-A3E4-E87ABDABA4C4}.Release|x64.Build.0 = Release|Any CPU
		{A0BE6907-27F7-4A8E-A3E4-E87ABDABA4C4}.Release|x86.ActiveCfg = Release|Any CPU
		{A0BE6907-27F7-4A8E-A3E4-E87ABDABA4C4}.Release|x86.Build.0 = Release|Any CPU
		{69B488F8-A70E-4D07-8EBF-0E05C388EA06}.Debug|Any CPU.ActiveCfg = Debug|Any CPU
		{69B488F8-A70E-4D07-8EBF-0E05C388EA06}.Debug|Any CPU.Build.0 = Debug|Any CPU
		{69B488F8-A70E-4D07-8EBF-0E05C388EA06}.Debug|x64.ActiveCfg = Debug|Any CPU
		{69B488F8-A70E-4D07-8EBF-0E05C388EA06}.Debug|x64.Build.0 = Debug|Any CPU
		{69B488F8-A70E-4D07-8EBF-0E05C388EA06}.Debug|x86.ActiveCfg = Debug|Any CPU
		{69B488F8-A70E-4D07-8EBF-0E05C388EA06}.Debug|x86.Build.0 = Debug|Any CPU
		{69B488F8-A70E-4D07-8EBF-0E05C388EA06}.Release|Any CPU.ActiveCfg = Release|Any CPU
		{69B488F8-A70E-4D07-8EBF-0E05C388EA06}.Release|Any CPU.Build.0 = Release|Any CPU
		{69B488F8-A70E-4D07-8EBF-0E05C388EA06}.Release|x64.ActiveCfg = Release|Any CPU
		{69B488F8-A70E-4D07-8EBF-0E05C388EA06}.Release|x64.Build.0 = Release|Any CPU
		{69B488F8-A70E-4D07-8EBF-0E05C388EA06}.Release|x86.ActiveCfg = Release|Any CPU
		{69B488F8-A70E-4D07-8EBF-0E05C388EA06}.Release|x86.Build.0 = Release|Any CPU
		{3AC1BC83-7556-4F97-A43D-14B4AA668715}.Debug|Any CPU.ActiveCfg = Debug|Any CPU
		{3AC1BC83-7556-4F97-A43D-14B4AA668715}.Debug|Any CPU.Build.0 = Debug|Any CPU
		{3AC1BC83-7556-4F97-A43D-14B4AA668715}.Debug|x64.ActiveCfg = Debug|Any CPU
		{3AC1BC83-7556-4F97-A43D-14B4AA668715}.Debug|x64.Build.0 = Debug|Any CPU
		{3AC1BC83-7556-4F97-A43D-14B4AA668715}.Debug|x86.ActiveCfg = Debug|Any CPU
		{3AC1BC83-7556-4F97-A43D-14B4AA668715}.Debug|x86.Build.0 = Debug|Any CPU
		{3AC1BC83-7556-4F97-A43D-14B4AA668715}.Release|Any CPU.ActiveCfg = Release|Any CPU
		{3AC1BC83-7556-4F97-A43D-14B4AA668715}.Release|Any CPU.Build.0 = Release|Any CPU
		{3AC1BC83-7556-4F97-A43D-14B4AA668715}.Release|x64.ActiveCfg = Release|Any CPU
		{3AC1BC83-7556-4F97-A43D-14B4AA668715}.Release|x64.Build.0 = Release|Any CPU
		{3AC1BC83-7556-4F97-A43D-14B4AA668715}.Release|x86.ActiveCfg = Release|Any CPU
		{3AC1BC83-7556-4F97-A43D-14B4AA668715}.Release|x86.Build.0 = Release|Any CPU
		{9FE3602F-BC15-4178-B517-08359222B66F}.Debug|Any CPU.ActiveCfg = Debug|Any CPU
		{9FE3602F-BC15-4178-B517-08359222B66F}.Debug|Any CPU.Build.0 = Debug|Any CPU
		{9FE3602F-BC15-4178-B517-08359222B66F}.Debug|x64.ActiveCfg = Debug|Any CPU
		{9FE3602F-BC15-4178-B517-08359222B66F}.Debug|x64.Build.0 = Debug|Any CPU
		{9FE3602F-BC15-4178-B517-08359222B66F}.Debug|x86.ActiveCfg = Debug|Any CPU
		{9FE3602F-BC15-4178-B517-08359222B66F}.Debug|x86.Build.0 = Debug|Any CPU
		{9FE3602F-BC15-4178-B517-08359222B66F}.Release|Any CPU.ActiveCfg = Release|Any CPU
		{9FE3602F-BC15-4178-B517-08359222B66F}.Release|Any CPU.Build.0 = Release|Any CPU
		{9FE3602F-BC15-4178-B517-08359222B66F}.Release|x64.ActiveCfg = Release|Any CPU
		{9FE3602F-BC15-4178-B517-08359222B66F}.Release|x64.Build.0 = Release|Any CPU
		{9FE3602F-BC15-4178-B517-08359222B66F}.Release|x86.ActiveCfg = Release|Any CPU
		{9FE3602F-BC15-4178-B517-08359222B66F}.Release|x86.Build.0 = Release|Any CPU
		{1420A078-CE0B-4ABE-8BF9-C21BBC7CF847}.Debug|Any CPU.ActiveCfg = Debug|Any CPU
		{1420A078-CE0B-4ABE-8BF9-C21BBC7CF847}.Debug|Any CPU.Build.0 = Debug|Any CPU
		{1420A078-CE0B-4ABE-8BF9-C21BBC7CF847}.Debug|x64.ActiveCfg = Debug|Any CPU
		{1420A078-CE0B-4ABE-8BF9-C21BBC7CF847}.Debug|x64.Build.0 = Debug|Any CPU
		{1420A078-CE0B-4ABE-8BF9-C21BBC7CF847}.Debug|x86.ActiveCfg = Debug|Any CPU
		{1420A078-CE0B-4ABE-8BF9-C21BBC7CF847}.Debug|x86.Build.0 = Debug|Any CPU
		{1420A078-CE0B-4ABE-8BF9-C21BBC7CF847}.Release|Any CPU.ActiveCfg = Release|Any CPU
		{1420A078-CE0B-4ABE-8BF9-C21BBC7CF847}.Release|Any CPU.Build.0 = Release|Any CPU
		{1420A078-CE0B-4ABE-8BF9-C21BBC7CF847}.Release|x64.ActiveCfg = Release|Any CPU
		{1420A078-CE0B-4ABE-8BF9-C21BBC7CF847}.Release|x64.Build.0 = Release|Any CPU
		{1420A078-CE0B-4ABE-8BF9-C21BBC7CF847}.Release|x86.ActiveCfg = Release|Any CPU
		{1420A078-CE0B-4ABE-8BF9-C21BBC7CF847}.Release|x86.Build.0 = Release|Any CPU
		{0767A9B6-139F-4222-ABBE-0F901A27FE22}.Debug|Any CPU.ActiveCfg = Debug|Any CPU
		{0767A9B6-139F-4222-ABBE-0F901A27FE22}.Debug|Any CPU.Build.0 = Debug|Any CPU
		{0767A9B6-139F-4222-ABBE-0F901A27FE22}.Debug|x64.ActiveCfg = Debug|Any CPU
		{0767A9B6-139F-4222-ABBE-0F901A27FE22}.Debug|x64.Build.0 = Debug|Any CPU
		{0767A9B6-139F-4222-ABBE-0F901A27FE22}.Debug|x86.ActiveCfg = Debug|Any CPU
		{0767A9B6-139F-4222-ABBE-0F901A27FE22}.Debug|x86.Build.0 = Debug|Any CPU
		{0767A9B6-139F-4222-ABBE-0F901A27FE22}.Release|Any CPU.ActiveCfg = Release|Any CPU
		{0767A9B6-139F-4222-ABBE-0F901A27FE22}.Release|Any CPU.Build.0 = Release|Any CPU
		{0767A9B6-139F-4222-ABBE-0F901A27FE22}.Release|x64.ActiveCfg = Release|Any CPU
		{0767A9B6-139F-4222-ABBE-0F901A27FE22}.Release|x64.Build.0 = Release|Any CPU
		{0767A9B6-139F-4222-ABBE-0F901A27FE22}.Release|x86.ActiveCfg = Release|Any CPU
		{0767A9B6-139F-4222-ABBE-0F901A27FE22}.Release|x86.Build.0 = Release|Any CPU
		{0B4D386D-DA32-4E97-AFD2-10EFF925DDED}.Debug|Any CPU.ActiveCfg = Debug|Any CPU
		{0B4D386D-DA32-4E97-AFD2-10EFF925DDED}.Debug|Any CPU.Build.0 = Debug|Any CPU
		{0B4D386D-DA32-4E97-AFD2-10EFF925DDED}.Debug|x64.ActiveCfg = Debug|Any CPU
		{0B4D386D-DA32-4E97-AFD2-10EFF925DDED}.Debug|x64.Build.0 = Debug|Any CPU
		{0B4D386D-DA32-4E97-AFD2-10EFF925DDED}.Debug|x86.ActiveCfg = Debug|Any CPU
		{0B4D386D-DA32-4E97-AFD2-10EFF925DDED}.Debug|x86.Build.0 = Debug|Any CPU
		{0B4D386D-DA32-4E97-AFD2-10EFF925DDED}.Release|Any CPU.ActiveCfg = Release|Any CPU
		{0B4D386D-DA32-4E97-AFD2-10EFF925DDED}.Release|Any CPU.Build.0 = Release|Any CPU
		{0B4D386D-DA32-4E97-AFD2-10EFF925DDED}.Release|x64.ActiveCfg = Release|Any CPU
		{0B4D386D-DA32-4E97-AFD2-10EFF925DDED}.Release|x64.Build.0 = Release|Any CPU
		{0B4D386D-DA32-4E97-AFD2-10EFF925DDED}.Release|x86.ActiveCfg = Release|Any CPU
		{0B4D386D-DA32-4E97-AFD2-10EFF925DDED}.Release|x86.Build.0 = Release|Any CPU
		{13D6B9BC-7006-4FB2-8067-750FA4BB45C3}.Debug|Any CPU.ActiveCfg = Debug|Any CPU
		{13D6B9BC-7006-4FB2-8067-750FA4BB45C3}.Debug|Any CPU.Build.0 = Debug|Any CPU
		{13D6B9BC-7006-4FB2-8067-750FA4BB45C3}.Debug|x64.ActiveCfg = Debug|Any CPU
		{13D6B9BC-7006-4FB2-8067-750FA4BB45C3}.Debug|x64.Build.0 = Debug|Any CPU
		{13D6B9BC-7006-4FB2-8067-750FA4BB45C3}.Debug|x86.ActiveCfg = Debug|Any CPU
		{13D6B9BC-7006-4FB2-8067-750FA4BB45C3}.Debug|x86.Build.0 = Debug|Any CPU
		{13D6B9BC-7006-4FB2-8067-750FA4BB45C3}.Release|Any CPU.ActiveCfg = Release|Any CPU
		{13D6B9BC-7006-4FB2-8067-750FA4BB45C3}.Release|Any CPU.Build.0 = Release|Any CPU
		{13D6B9BC-7006-4FB2-8067-750FA4BB45C3}.Release|x64.ActiveCfg = Release|Any CPU
		{13D6B9BC-7006-4FB2-8067-750FA4BB45C3}.Release|x64.Build.0 = Release|Any CPU
		{13D6B9BC-7006-4FB2-8067-750FA4BB45C3}.Release|x86.ActiveCfg = Release|Any CPU
		{13D6B9BC-7006-4FB2-8067-750FA4BB45C3}.Release|x86.Build.0 = Release|Any CPU
		{9F765B3A-BB71-45FB-816C-42E202A6A8EF}.Debug|Any CPU.ActiveCfg = Debug|Any CPU
		{9F765B3A-BB71-45FB-816C-42E202A6A8EF}.Debug|Any CPU.Build.0 = Debug|Any CPU
		{9F765B3A-BB71-45FB-816C-42E202A6A8EF}.Debug|x64.ActiveCfg = Debug|Any CPU
		{9F765B3A-BB71-45FB-816C-42E202A6A8EF}.Debug|x64.Build.0 = Debug|Any CPU
		{9F765B3A-BB71-45FB-816C-42E202A6A8EF}.Debug|x86.ActiveCfg = Debug|Any CPU
		{9F765B3A-BB71-45FB-816C-42E202A6A8EF}.Debug|x86.Build.0 = Debug|Any CPU
		{9F765B3A-BB71-45FB-816C-42E202A6A8EF}.Release|Any CPU.ActiveCfg = Release|Any CPU
		{9F765B3A-BB71-45FB-816C-42E202A6A8EF}.Release|Any CPU.Build.0 = Release|Any CPU
		{9F765B3A-BB71-45FB-816C-42E202A6A8EF}.Release|x64.ActiveCfg = Release|Any CPU
		{9F765B3A-BB71-45FB-816C-42E202A6A8EF}.Release|x64.Build.0 = Release|Any CPU
		{9F765B3A-BB71-45FB-816C-42E202A6A8EF}.Release|x86.ActiveCfg = Release|Any CPU
		{9F765B3A-BB71-45FB-816C-42E202A6A8EF}.Release|x86.Build.0 = Release|Any CPU
		{AF7BB703-1F37-4299-8B96-F19FA85C2BA6}.Debug|Any CPU.ActiveCfg = Debug|Any CPU
		{AF7BB703-1F37-4299-8B96-F19FA85C2BA6}.Debug|Any CPU.Build.0 = Debug|Any CPU
		{AF7BB703-1F37-4299-8B96-F19FA85C2BA6}.Debug|x64.ActiveCfg = Debug|Any CPU
		{AF7BB703-1F37-4299-8B96-F19FA85C2BA6}.Debug|x64.Build.0 = Debug|Any CPU
		{AF7BB703-1F37-4299-8B96-F19FA85C2BA6}.Debug|x86.ActiveCfg = Debug|Any CPU
		{AF7BB703-1F37-4299-8B96-F19FA85C2BA6}.Debug|x86.Build.0 = Debug|Any CPU
		{AF7BB703-1F37-4299-8B96-F19FA85C2BA6}.Release|Any CPU.ActiveCfg = Release|Any CPU
		{AF7BB703-1F37-4299-8B96-F19FA85C2BA6}.Release|Any CPU.Build.0 = Release|Any CPU
		{AF7BB703-1F37-4299-8B96-F19FA85C2BA6}.Release|x64.ActiveCfg = Release|Any CPU
		{AF7BB703-1F37-4299-8B96-F19FA85C2BA6}.Release|x64.Build.0 = Release|Any CPU
		{AF7BB703-1F37-4299-8B96-F19FA85C2BA6}.Release|x86.ActiveCfg = Release|Any CPU
		{AF7BB703-1F37-4299-8B96-F19FA85C2BA6}.Release|x86.Build.0 = Release|Any CPU
		{B4C38A0D-040C-4BF4-BB1D-E0048DB04E85}.Debug|Any CPU.ActiveCfg = Debug|Any CPU
		{B4C38A0D-040C-4BF4-BB1D-E0048DB04E85}.Debug|Any CPU.Build.0 = Debug|Any CPU
		{B4C38A0D-040C-4BF4-BB1D-E0048DB04E85}.Debug|x64.ActiveCfg = Debug|Any CPU
		{B4C38A0D-040C-4BF4-BB1D-E0048DB04E85}.Debug|x64.Build.0 = Debug|Any CPU
		{B4C38A0D-040C-4BF4-BB1D-E0048DB04E85}.Debug|x86.ActiveCfg = Debug|Any CPU
		{B4C38A0D-040C-4BF4-BB1D-E0048DB04E85}.Debug|x86.Build.0 = Debug|Any CPU
		{B4C38A0D-040C-4BF4-BB1D-E0048DB04E85}.Release|Any CPU.ActiveCfg = Release|Any CPU
		{B4C38A0D-040C-4BF4-BB1D-E0048DB04E85}.Release|Any CPU.Build.0 = Release|Any CPU
		{B4C38A0D-040C-4BF4-BB1D-E0048DB04E85}.Release|x64.ActiveCfg = Release|Any CPU
		{B4C38A0D-040C-4BF4-BB1D-E0048DB04E85}.Release|x64.Build.0 = Release|Any CPU
		{B4C38A0D-040C-4BF4-BB1D-E0048DB04E85}.Release|x86.ActiveCfg = Release|Any CPU
		{B4C38A0D-040C-4BF4-BB1D-E0048DB04E85}.Release|x86.Build.0 = Release|Any CPU
		{19F552DF-FF39-4137-A775-7E0BF32545E4}.Debug|Any CPU.ActiveCfg = Debug|Any CPU
		{19F552DF-FF39-4137-A775-7E0BF32545E4}.Debug|Any CPU.Build.0 = Debug|Any CPU
		{19F552DF-FF39-4137-A775-7E0BF32545E4}.Debug|x64.ActiveCfg = Debug|Any CPU
		{19F552DF-FF39-4137-A775-7E0BF32545E4}.Debug|x64.Build.0 = Debug|Any CPU
		{19F552DF-FF39-4137-A775-7E0BF32545E4}.Debug|x86.ActiveCfg = Debug|Any CPU
		{19F552DF-FF39-4137-A775-7E0BF32545E4}.Debug|x86.Build.0 = Debug|Any CPU
		{19F552DF-FF39-4137-A775-7E0BF32545E4}.Release|Any CPU.ActiveCfg = Release|Any CPU
		{19F552DF-FF39-4137-A775-7E0BF32545E4}.Release|Any CPU.Build.0 = Release|Any CPU
		{19F552DF-FF39-4137-A775-7E0BF32545E4}.Release|x64.ActiveCfg = Release|Any CPU
		{19F552DF-FF39-4137-A775-7E0BF32545E4}.Release|x64.Build.0 = Release|Any CPU
		{19F552DF-FF39-4137-A775-7E0BF32545E4}.Release|x86.ActiveCfg = Release|Any CPU
		{19F552DF-FF39-4137-A775-7E0BF32545E4}.Release|x86.Build.0 = Release|Any CPU
		{09FD5E11-6EE5-4337-AC6B-D53C9FA61C93}.Debug|Any CPU.ActiveCfg = Debug|Any CPU
		{09FD5E11-6EE5-4337-AC6B-D53C9FA61C93}.Debug|Any CPU.Build.0 = Debug|Any CPU
		{09FD5E11-6EE5-4337-AC6B-D53C9FA61C93}.Debug|x64.ActiveCfg = Debug|Any CPU
		{09FD5E11-6EE5-4337-AC6B-D53C9FA61C93}.Debug|x64.Build.0 = Debug|Any CPU
		{09FD5E11-6EE5-4337-AC6B-D53C9FA61C93}.Debug|x86.ActiveCfg = Debug|Any CPU
		{09FD5E11-6EE5-4337-AC6B-D53C9FA61C93}.Debug|x86.Build.0 = Debug|Any CPU
		{09FD5E11-6EE5-4337-AC6B-D53C9FA61C93}.Release|Any CPU.ActiveCfg = Release|Any CPU
		{09FD5E11-6EE5-4337-AC6B-D53C9FA61C93}.Release|Any CPU.Build.0 = Release|Any CPU
		{09FD5E11-6EE5-4337-AC6B-D53C9FA61C93}.Release|x64.ActiveCfg = Release|Any CPU
		{09FD5E11-6EE5-4337-AC6B-D53C9FA61C93}.Release|x64.Build.0 = Release|Any CPU
		{09FD5E11-6EE5-4337-AC6B-D53C9FA61C93}.Release|x86.ActiveCfg = Release|Any CPU
		{09FD5E11-6EE5-4337-AC6B-D53C9FA61C93}.Release|x86.Build.0 = Release|Any CPU
		{0D58EB8A-4B58-48F2-9071-D190E6BAE171}.Debug|Any CPU.ActiveCfg = Debug|Any CPU
		{0D58EB8A-4B58-48F2-9071-D190E6BAE171}.Debug|Any CPU.Build.0 = Debug|Any CPU
		{0D58EB8A-4B58-48F2-9071-D190E6BAE171}.Debug|x64.ActiveCfg = Debug|Any CPU
		{0D58EB8A-4B58-48F2-9071-D190E6BAE171}.Debug|x64.Build.0 = Debug|Any CPU
		{0D58EB8A-4B58-48F2-9071-D190E6BAE171}.Debug|x86.ActiveCfg = Debug|Any CPU
		{0D58EB8A-4B58-48F2-9071-D190E6BAE171}.Debug|x86.Build.0 = Debug|Any CPU
		{0D58EB8A-4B58-48F2-9071-D190E6BAE171}.Release|Any CPU.ActiveCfg = Release|Any CPU
		{0D58EB8A-4B58-48F2-9071-D190E6BAE171}.Release|Any CPU.Build.0 = Release|Any CPU
		{0D58EB8A-4B58-48F2-9071-D190E6BAE171}.Release|x64.ActiveCfg = Release|Any CPU
		{0D58EB8A-4B58-48F2-9071-D190E6BAE171}.Release|x64.Build.0 = Release|Any CPU
		{0D58EB8A-4B58-48F2-9071-D190E6BAE171}.Release|x86.ActiveCfg = Release|Any CPU
		{0D58EB8A-4B58-48F2-9071-D190E6BAE171}.Release|x86.Build.0 = Release|Any CPU
		{57B6A53F-8EC1-4DBB-967F-93CDB886EFCA}.Debug|Any CPU.ActiveCfg = Debug|Any CPU
		{57B6A53F-8EC1-4DBB-967F-93CDB886EFCA}.Debug|Any CPU.Build.0 = Debug|Any CPU
		{57B6A53F-8EC1-4DBB-967F-93CDB886EFCA}.Debug|x64.ActiveCfg = Debug|Any CPU
		{57B6A53F-8EC1-4DBB-967F-93CDB886EFCA}.Debug|x64.Build.0 = Debug|Any CPU
		{57B6A53F-8EC1-4DBB-967F-93CDB886EFCA}.Debug|x86.ActiveCfg = Debug|Any CPU
		{57B6A53F-8EC1-4DBB-967F-93CDB886EFCA}.Debug|x86.Build.0 = Debug|Any CPU
		{57B6A53F-8EC1-4DBB-967F-93CDB886EFCA}.Release|Any CPU.ActiveCfg = Release|Any CPU
		{57B6A53F-8EC1-4DBB-967F-93CDB886EFCA}.Release|Any CPU.Build.0 = Release|Any CPU
		{57B6A53F-8EC1-4DBB-967F-93CDB886EFCA}.Release|x64.ActiveCfg = Release|Any CPU
		{57B6A53F-8EC1-4DBB-967F-93CDB886EFCA}.Release|x64.Build.0 = Release|Any CPU
		{57B6A53F-8EC1-4DBB-967F-93CDB886EFCA}.Release|x86.ActiveCfg = Release|Any CPU
		{57B6A53F-8EC1-4DBB-967F-93CDB886EFCA}.Release|x86.Build.0 = Release|Any CPU
		{C572F261-8C8A-42CC-BB23-5A48175E166E}.Debug|Any CPU.ActiveCfg = Debug|Any CPU
		{C572F261-8C8A-42CC-BB23-5A48175E166E}.Debug|Any CPU.Build.0 = Debug|Any CPU
		{C572F261-8C8A-42CC-BB23-5A48175E166E}.Debug|x64.ActiveCfg = Debug|Any CPU
		{C572F261-8C8A-42CC-BB23-5A48175E166E}.Debug|x64.Build.0 = Debug|Any CPU
		{C572F261-8C8A-42CC-BB23-5A48175E166E}.Debug|x86.ActiveCfg = Debug|Any CPU
		{C572F261-8C8A-42CC-BB23-5A48175E166E}.Debug|x86.Build.0 = Debug|Any CPU
		{C572F261-8C8A-42CC-BB23-5A48175E166E}.Release|Any CPU.ActiveCfg = Release|Any CPU
		{C572F261-8C8A-42CC-BB23-5A48175E166E}.Release|Any CPU.Build.0 = Release|Any CPU
		{C572F261-8C8A-42CC-BB23-5A48175E166E}.Release|x64.ActiveCfg = Release|Any CPU
		{C572F261-8C8A-42CC-BB23-5A48175E166E}.Release|x64.Build.0 = Release|Any CPU
		{C572F261-8C8A-42CC-BB23-5A48175E166E}.Release|x86.ActiveCfg = Release|Any CPU
		{C572F261-8C8A-42CC-BB23-5A48175E166E}.Release|x86.Build.0 = Release|Any CPU
		{09B3F37D-EB7F-4466-A988-A2050BC5199F}.Debug|Any CPU.ActiveCfg = Debug|Any CPU
		{09B3F37D-EB7F-4466-A988-A2050BC5199F}.Debug|Any CPU.Build.0 = Debug|Any CPU
		{09B3F37D-EB7F-4466-A988-A2050BC5199F}.Debug|x64.ActiveCfg = Debug|Any CPU
		{09B3F37D-EB7F-4466-A988-A2050BC5199F}.Debug|x64.Build.0 = Debug|Any CPU
		{09B3F37D-EB7F-4466-A988-A2050BC5199F}.Debug|x86.ActiveCfg = Debug|Any CPU
		{09B3F37D-EB7F-4466-A988-A2050BC5199F}.Debug|x86.Build.0 = Debug|Any CPU
		{09B3F37D-EB7F-4466-A988-A2050BC5199F}.Release|Any CPU.ActiveCfg = Release|Any CPU
		{09B3F37D-EB7F-4466-A988-A2050BC5199F}.Release|Any CPU.Build.0 = Release|Any CPU
		{09B3F37D-EB7F-4466-A988-A2050BC5199F}.Release|x64.ActiveCfg = Release|Any CPU
		{09B3F37D-EB7F-4466-A988-A2050BC5199F}.Release|x64.Build.0 = Release|Any CPU
		{09B3F37D-EB7F-4466-A988-A2050BC5199F}.Release|x86.ActiveCfg = Release|Any CPU
		{09B3F37D-EB7F-4466-A988-A2050BC5199F}.Release|x86.Build.0 = Release|Any CPU
		{D639F2FD-F9FC-4D37-806B-4338F925A2E2}.Debug|Any CPU.ActiveCfg = Debug|Any CPU
		{D639F2FD-F9FC-4D37-806B-4338F925A2E2}.Debug|Any CPU.Build.0 = Debug|Any CPU
		{D639F2FD-F9FC-4D37-806B-4338F925A2E2}.Debug|x64.ActiveCfg = Debug|Any CPU
		{D639F2FD-F9FC-4D37-806B-4338F925A2E2}.Debug|x64.Build.0 = Debug|Any CPU
		{D639F2FD-F9FC-4D37-806B-4338F925A2E2}.Debug|x86.ActiveCfg = Debug|Any CPU
		{D639F2FD-F9FC-4D37-806B-4338F925A2E2}.Debug|x86.Build.0 = Debug|Any CPU
		{D639F2FD-F9FC-4D37-806B-4338F925A2E2}.Release|Any CPU.ActiveCfg = Release|Any CPU
		{D639F2FD-F9FC-4D37-806B-4338F925A2E2}.Release|Any CPU.Build.0 = Release|Any CPU
		{D639F2FD-F9FC-4D37-806B-4338F925A2E2}.Release|x64.ActiveCfg = Release|Any CPU
		{D639F2FD-F9FC-4D37-806B-4338F925A2E2}.Release|x64.Build.0 = Release|Any CPU
		{D639F2FD-F9FC-4D37-806B-4338F925A2E2}.Release|x86.ActiveCfg = Release|Any CPU
		{D639F2FD-F9FC-4D37-806B-4338F925A2E2}.Release|x86.Build.0 = Release|Any CPU
		{09D8690A-0DBC-4AD8-B9BA-F93097EA1131}.Debug|Any CPU.ActiveCfg = Debug|Any CPU
		{09D8690A-0DBC-4AD8-B9BA-F93097EA1131}.Debug|Any CPU.Build.0 = Debug|Any CPU
		{09D8690A-0DBC-4AD8-B9BA-F93097EA1131}.Debug|x64.ActiveCfg = Debug|Any CPU
		{09D8690A-0DBC-4AD8-B9BA-F93097EA1131}.Debug|x64.Build.0 = Debug|Any CPU
		{09D8690A-0DBC-4AD8-B9BA-F93097EA1131}.Debug|x86.ActiveCfg = Debug|Any CPU
		{09D8690A-0DBC-4AD8-B9BA-F93097EA1131}.Debug|x86.Build.0 = Debug|Any CPU
		{09D8690A-0DBC-4AD8-B9BA-F93097EA1131}.Release|Any CPU.ActiveCfg = Release|Any CPU
		{09D8690A-0DBC-4AD8-B9BA-F93097EA1131}.Release|Any CPU.Build.0 = Release|Any CPU
		{09D8690A-0DBC-4AD8-B9BA-F93097EA1131}.Release|x64.ActiveCfg = Release|Any CPU
		{09D8690A-0DBC-4AD8-B9BA-F93097EA1131}.Release|x64.Build.0 = Release|Any CPU
		{09D8690A-0DBC-4AD8-B9BA-F93097EA1131}.Release|x86.ActiveCfg = Release|Any CPU
		{09D8690A-0DBC-4AD8-B9BA-F93097EA1131}.Release|x86.Build.0 = Release|Any CPU
		{A510AE5C-3D14-438C-AD23-73C3DED8D177}.Debug|Any CPU.ActiveCfg = Debug|Any CPU
		{A510AE5C-3D14-438C-AD23-73C3DED8D177}.Debug|Any CPU.Build.0 = Debug|Any CPU
		{A510AE5C-3D14-438C-AD23-73C3DED8D177}.Debug|x64.ActiveCfg = Debug|Any CPU
		{A510AE5C-3D14-438C-AD23-73C3DED8D177}.Debug|x64.Build.0 = Debug|Any CPU
		{A510AE5C-3D14-438C-AD23-73C3DED8D177}.Debug|x86.ActiveCfg = Debug|Any CPU
		{A510AE5C-3D14-438C-AD23-73C3DED8D177}.Debug|x86.Build.0 = Debug|Any CPU
		{A510AE5C-3D14-438C-AD23-73C3DED8D177}.Release|Any CPU.ActiveCfg = Release|Any CPU
		{A510AE5C-3D14-438C-AD23-73C3DED8D177}.Release|Any CPU.Build.0 = Release|Any CPU
		{A510AE5C-3D14-438C-AD23-73C3DED8D177}.Release|x64.ActiveCfg = Release|Any CPU
		{A510AE5C-3D14-438C-AD23-73C3DED8D177}.Release|x64.Build.0 = Release|Any CPU
		{A510AE5C-3D14-438C-AD23-73C3DED8D177}.Release|x86.ActiveCfg = Release|Any CPU
		{A510AE5C-3D14-438C-AD23-73C3DED8D177}.Release|x86.Build.0 = Release|Any CPU
		{10C92D6F-E7EE-4578-A2A6-64196C27571E}.Debug|Any CPU.ActiveCfg = Debug|Any CPU
		{10C92D6F-E7EE-4578-A2A6-64196C27571E}.Debug|Any CPU.Build.0 = Debug|Any CPU
		{10C92D6F-E7EE-4578-A2A6-64196C27571E}.Debug|x64.ActiveCfg = Debug|Any CPU
		{10C92D6F-E7EE-4578-A2A6-64196C27571E}.Debug|x64.Build.0 = Debug|Any CPU
		{10C92D6F-E7EE-4578-A2A6-64196C27571E}.Debug|x86.ActiveCfg = Debug|Any CPU
		{10C92D6F-E7EE-4578-A2A6-64196C27571E}.Debug|x86.Build.0 = Debug|Any CPU
		{10C92D6F-E7EE-4578-A2A6-64196C27571E}.Release|Any CPU.ActiveCfg = Release|Any CPU
		{10C92D6F-E7EE-4578-A2A6-64196C27571E}.Release|Any CPU.Build.0 = Release|Any CPU
		{10C92D6F-E7EE-4578-A2A6-64196C27571E}.Release|x64.ActiveCfg = Release|Any CPU
		{10C92D6F-E7EE-4578-A2A6-64196C27571E}.Release|x64.Build.0 = Release|Any CPU
		{10C92D6F-E7EE-4578-A2A6-64196C27571E}.Release|x86.ActiveCfg = Release|Any CPU
		{10C92D6F-E7EE-4578-A2A6-64196C27571E}.Release|x86.Build.0 = Release|Any CPU
		{AB96AA3E-6031-4B68-8B5C-B8BDF50B86DB}.Debug|Any CPU.ActiveCfg = Debug|Any CPU
		{AB96AA3E-6031-4B68-8B5C-B8BDF50B86DB}.Debug|Any CPU.Build.0 = Debug|Any CPU
		{AB96AA3E-6031-4B68-8B5C-B8BDF50B86DB}.Debug|x64.ActiveCfg = Debug|Any CPU
		{AB96AA3E-6031-4B68-8B5C-B8BDF50B86DB}.Debug|x64.Build.0 = Debug|Any CPU
		{AB96AA3E-6031-4B68-8B5C-B8BDF50B86DB}.Debug|x86.ActiveCfg = Debug|Any CPU
		{AB96AA3E-6031-4B68-8B5C-B8BDF50B86DB}.Debug|x86.Build.0 = Debug|Any CPU
		{AB96AA3E-6031-4B68-8B5C-B8BDF50B86DB}.Release|Any CPU.ActiveCfg = Release|Any CPU
		{AB96AA3E-6031-4B68-8B5C-B8BDF50B86DB}.Release|Any CPU.Build.0 = Release|Any CPU
		{AB96AA3E-6031-4B68-8B5C-B8BDF50B86DB}.Release|x64.ActiveCfg = Release|Any CPU
		{AB96AA3E-6031-4B68-8B5C-B8BDF50B86DB}.Release|x64.Build.0 = Release|Any CPU
		{AB96AA3E-6031-4B68-8B5C-B8BDF50B86DB}.Release|x86.ActiveCfg = Release|Any CPU
		{AB96AA3E-6031-4B68-8B5C-B8BDF50B86DB}.Release|x86.Build.0 = Release|Any CPU
		{FCFD84C6-6258-4CEC-B528-17E952AD9BB6}.Debug|Any CPU.ActiveCfg = Debug|Any CPU
		{FCFD84C6-6258-4CEC-B528-17E952AD9BB6}.Debug|Any CPU.Build.0 = Debug|Any CPU
		{FCFD84C6-6258-4CEC-B528-17E952AD9BB6}.Debug|x64.ActiveCfg = Debug|Any CPU
		{FCFD84C6-6258-4CEC-B528-17E952AD9BB6}.Debug|x64.Build.0 = Debug|Any CPU
		{FCFD84C6-6258-4CEC-B528-17E952AD9BB6}.Debug|x86.ActiveCfg = Debug|Any CPU
		{FCFD84C6-6258-4CEC-B528-17E952AD9BB6}.Debug|x86.Build.0 = Debug|Any CPU
		{FCFD84C6-6258-4CEC-B528-17E952AD9BB6}.Release|Any CPU.ActiveCfg = Release|Any CPU
		{FCFD84C6-6258-4CEC-B528-17E952AD9BB6}.Release|Any CPU.Build.0 = Release|Any CPU
		{FCFD84C6-6258-4CEC-B528-17E952AD9BB6}.Release|x64.ActiveCfg = Release|Any CPU
		{FCFD84C6-6258-4CEC-B528-17E952AD9BB6}.Release|x64.Build.0 = Release|Any CPU
		{FCFD84C6-6258-4CEC-B528-17E952AD9BB6}.Release|x86.ActiveCfg = Release|Any CPU
		{FCFD84C6-6258-4CEC-B528-17E952AD9BB6}.Release|x86.Build.0 = Release|Any CPU
		{C52DAD34-B203-4755-AD16-C637CA960CA1}.Debug|Any CPU.ActiveCfg = Debug|Any CPU
		{C52DAD34-B203-4755-AD16-C637CA960CA1}.Debug|Any CPU.Build.0 = Debug|Any CPU
		{C52DAD34-B203-4755-AD16-C637CA960CA1}.Debug|x64.ActiveCfg = Debug|Any CPU
		{C52DAD34-B203-4755-AD16-C637CA960CA1}.Debug|x64.Build.0 = Debug|Any CPU
		{C52DAD34-B203-4755-AD16-C637CA960CA1}.Debug|x86.ActiveCfg = Debug|Any CPU
		{C52DAD34-B203-4755-AD16-C637CA960CA1}.Debug|x86.Build.0 = Debug|Any CPU
		{C52DAD34-B203-4755-AD16-C637CA960CA1}.Release|Any CPU.ActiveCfg = Release|Any CPU
		{C52DAD34-B203-4755-AD16-C637CA960CA1}.Release|Any CPU.Build.0 = Release|Any CPU
		{C52DAD34-B203-4755-AD16-C637CA960CA1}.Release|x64.ActiveCfg = Release|Any CPU
		{C52DAD34-B203-4755-AD16-C637CA960CA1}.Release|x64.Build.0 = Release|Any CPU
		{C52DAD34-B203-4755-AD16-C637CA960CA1}.Release|x86.ActiveCfg = Release|Any CPU
		{C52DAD34-B203-4755-AD16-C637CA960CA1}.Release|x86.Build.0 = Release|Any CPU
		{DE8F1B53-28E7-4725-A3E9-198017ECEE2A}.Debug|Any CPU.ActiveCfg = Debug|Any CPU
		{DE8F1B53-28E7-4725-A3E9-198017ECEE2A}.Debug|Any CPU.Build.0 = Debug|Any CPU
		{DE8F1B53-28E7-4725-A3E9-198017ECEE2A}.Debug|x64.ActiveCfg = Debug|Any CPU
		{DE8F1B53-28E7-4725-A3E9-198017ECEE2A}.Debug|x64.Build.0 = Debug|Any CPU
		{DE8F1B53-28E7-4725-A3E9-198017ECEE2A}.Debug|x86.ActiveCfg = Debug|Any CPU
		{DE8F1B53-28E7-4725-A3E9-198017ECEE2A}.Debug|x86.Build.0 = Debug|Any CPU
		{DE8F1B53-28E7-4725-A3E9-198017ECEE2A}.Release|Any CPU.ActiveCfg = Release|Any CPU
		{DE8F1B53-28E7-4725-A3E9-198017ECEE2A}.Release|Any CPU.Build.0 = Release|Any CPU
		{DE8F1B53-28E7-4725-A3E9-198017ECEE2A}.Release|x64.ActiveCfg = Release|Any CPU
		{DE8F1B53-28E7-4725-A3E9-198017ECEE2A}.Release|x64.Build.0 = Release|Any CPU
		{DE8F1B53-28E7-4725-A3E9-198017ECEE2A}.Release|x86.ActiveCfg = Release|Any CPU
		{DE8F1B53-28E7-4725-A3E9-198017ECEE2A}.Release|x86.Build.0 = Release|Any CPU
		{C41840A5-79C3-45D5-8F5C-8DADB5653543}.Debug|Any CPU.ActiveCfg = Debug|Any CPU
		{C41840A5-79C3-45D5-8F5C-8DADB5653543}.Debug|Any CPU.Build.0 = Debug|Any CPU
		{C41840A5-79C3-45D5-8F5C-8DADB5653543}.Debug|x64.ActiveCfg = Debug|Any CPU
		{C41840A5-79C3-45D5-8F5C-8DADB5653543}.Debug|x64.Build.0 = Debug|Any CPU
		{C41840A5-79C3-45D5-8F5C-8DADB5653543}.Debug|x86.ActiveCfg = Debug|Any CPU
		{C41840A5-79C3-45D5-8F5C-8DADB5653543}.Debug|x86.Build.0 = Debug|Any CPU
		{C41840A5-79C3-45D5-8F5C-8DADB5653543}.Release|Any CPU.ActiveCfg = Release|Any CPU
		{C41840A5-79C3-45D5-8F5C-8DADB5653543}.Release|Any CPU.Build.0 = Release|Any CPU
		{C41840A5-79C3-45D5-8F5C-8DADB5653543}.Release|x64.ActiveCfg = Release|Any CPU
		{C41840A5-79C3-45D5-8F5C-8DADB5653543}.Release|x64.Build.0 = Release|Any CPU
		{C41840A5-79C3-45D5-8F5C-8DADB5653543}.Release|x86.ActiveCfg = Release|Any CPU
		{C41840A5-79C3-45D5-8F5C-8DADB5653543}.Release|x86.Build.0 = Release|Any CPU
		{5672B24D-E2A0-4AA4-AFEF-E987AEBAB4D6}.Debug|Any CPU.ActiveCfg = Debug|Any CPU
		{5672B24D-E2A0-4AA4-AFEF-E987AEBAB4D6}.Debug|Any CPU.Build.0 = Debug|Any CPU
		{5672B24D-E2A0-4AA4-AFEF-E987AEBAB4D6}.Debug|x64.ActiveCfg = Debug|Any CPU
		{5672B24D-E2A0-4AA4-AFEF-E987AEBAB4D6}.Debug|x64.Build.0 = Debug|Any CPU
		{5672B24D-E2A0-4AA4-AFEF-E987AEBAB4D6}.Debug|x86.ActiveCfg = Debug|Any CPU
		{5672B24D-E2A0-4AA4-AFEF-E987AEBAB4D6}.Debug|x86.Build.0 = Debug|Any CPU
		{5672B24D-E2A0-4AA4-AFEF-E987AEBAB4D6}.Release|Any CPU.ActiveCfg = Release|Any CPU
		{5672B24D-E2A0-4AA4-AFEF-E987AEBAB4D6}.Release|Any CPU.Build.0 = Release|Any CPU
		{5672B24D-E2A0-4AA4-AFEF-E987AEBAB4D6}.Release|x64.ActiveCfg = Release|Any CPU
		{5672B24D-E2A0-4AA4-AFEF-E987AEBAB4D6}.Release|x64.Build.0 = Release|Any CPU
		{5672B24D-E2A0-4AA4-AFEF-E987AEBAB4D6}.Release|x86.ActiveCfg = Release|Any CPU
		{5672B24D-E2A0-4AA4-AFEF-E987AEBAB4D6}.Release|x86.Build.0 = Release|Any CPU
		{5A6C0F2A-7223-459A-864F-4AADB37A8173}.Debug|Any CPU.ActiveCfg = Debug|Any CPU
		{5A6C0F2A-7223-459A-864F-4AADB37A8173}.Debug|Any CPU.Build.0 = Debug|Any CPU
		{5A6C0F2A-7223-459A-864F-4AADB37A8173}.Debug|x64.ActiveCfg = Debug|Any CPU
		{5A6C0F2A-7223-459A-864F-4AADB37A8173}.Debug|x64.Build.0 = Debug|Any CPU
		{5A6C0F2A-7223-459A-864F-4AADB37A8173}.Debug|x86.ActiveCfg = Debug|Any CPU
		{5A6C0F2A-7223-459A-864F-4AADB37A8173}.Debug|x86.Build.0 = Debug|Any CPU
		{5A6C0F2A-7223-459A-864F-4AADB37A8173}.Release|Any CPU.ActiveCfg = Release|Any CPU
		{5A6C0F2A-7223-459A-864F-4AADB37A8173}.Release|Any CPU.Build.0 = Release|Any CPU
		{5A6C0F2A-7223-459A-864F-4AADB37A8173}.Release|x64.ActiveCfg = Release|Any CPU
		{5A6C0F2A-7223-459A-864F-4AADB37A8173}.Release|x64.Build.0 = Release|Any CPU
		{5A6C0F2A-7223-459A-864F-4AADB37A8173}.Release|x86.ActiveCfg = Release|Any CPU
		{5A6C0F2A-7223-459A-864F-4AADB37A8173}.Release|x86.Build.0 = Release|Any CPU
		{002C151A-60E2-45F0-A741-9063AF2855E6}.Debug|Any CPU.ActiveCfg = Debug|Any CPU
		{002C151A-60E2-45F0-A741-9063AF2855E6}.Debug|Any CPU.Build.0 = Debug|Any CPU
		{002C151A-60E2-45F0-A741-9063AF2855E6}.Debug|x64.ActiveCfg = Debug|Any CPU
		{002C151A-60E2-45F0-A741-9063AF2855E6}.Debug|x64.Build.0 = Debug|Any CPU
		{002C151A-60E2-45F0-A741-9063AF2855E6}.Debug|x86.ActiveCfg = Debug|Any CPU
		{002C151A-60E2-45F0-A741-9063AF2855E6}.Debug|x86.Build.0 = Debug|Any CPU
		{002C151A-60E2-45F0-A741-9063AF2855E6}.Release|Any CPU.ActiveCfg = Release|Any CPU
		{002C151A-60E2-45F0-A741-9063AF2855E6}.Release|Any CPU.Build.0 = Release|Any CPU
		{002C151A-60E2-45F0-A741-9063AF2855E6}.Release|x64.ActiveCfg = Release|Any CPU
		{002C151A-60E2-45F0-A741-9063AF2855E6}.Release|x64.Build.0 = Release|Any CPU
		{002C151A-60E2-45F0-A741-9063AF2855E6}.Release|x86.ActiveCfg = Release|Any CPU
		{002C151A-60E2-45F0-A741-9063AF2855E6}.Release|x86.Build.0 = Release|Any CPU
		{5E81CE8A-C3F4-4298-B3C9-9FF0163E7F28}.Debug|Any CPU.ActiveCfg = Debug|Any CPU
		{5E81CE8A-C3F4-4298-B3C9-9FF0163E7F28}.Debug|Any CPU.Build.0 = Debug|Any CPU
		{5E81CE8A-C3F4-4298-B3C9-9FF0163E7F28}.Debug|x64.ActiveCfg = Debug|Any CPU
		{5E81CE8A-C3F4-4298-B3C9-9FF0163E7F28}.Debug|x64.Build.0 = Debug|Any CPU
		{5E81CE8A-C3F4-4298-B3C9-9FF0163E7F28}.Debug|x86.ActiveCfg = Debug|Any CPU
		{5E81CE8A-C3F4-4298-B3C9-9FF0163E7F28}.Debug|x86.Build.0 = Debug|Any CPU
		{5E81CE8A-C3F4-4298-B3C9-9FF0163E7F28}.Release|Any CPU.ActiveCfg = Release|Any CPU
		{5E81CE8A-C3F4-4298-B3C9-9FF0163E7F28}.Release|Any CPU.Build.0 = Release|Any CPU
		{5E81CE8A-C3F4-4298-B3C9-9FF0163E7F28}.Release|x64.ActiveCfg = Release|Any CPU
		{5E81CE8A-C3F4-4298-B3C9-9FF0163E7F28}.Release|x64.Build.0 = Release|Any CPU
		{5E81CE8A-C3F4-4298-B3C9-9FF0163E7F28}.Release|x86.ActiveCfg = Release|Any CPU
		{5E81CE8A-C3F4-4298-B3C9-9FF0163E7F28}.Release|x86.Build.0 = Release|Any CPU
		{81AA7319-FC6C-4787-9148-9D881B0C4525}.Debug|Any CPU.ActiveCfg = Debug|Any CPU
		{81AA7319-FC6C-4787-9148-9D881B0C4525}.Debug|Any CPU.Build.0 = Debug|Any CPU
		{81AA7319-FC6C-4787-9148-9D881B0C4525}.Debug|x64.ActiveCfg = Debug|Any CPU
		{81AA7319-FC6C-4787-9148-9D881B0C4525}.Debug|x64.Build.0 = Debug|Any CPU
		{81AA7319-FC6C-4787-9148-9D881B0C4525}.Debug|x86.ActiveCfg = Debug|Any CPU
		{81AA7319-FC6C-4787-9148-9D881B0C4525}.Debug|x86.Build.0 = Debug|Any CPU
		{81AA7319-FC6C-4787-9148-9D881B0C4525}.Release|Any CPU.ActiveCfg = Release|Any CPU
		{81AA7319-FC6C-4787-9148-9D881B0C4525}.Release|Any CPU.Build.0 = Release|Any CPU
		{81AA7319-FC6C-4787-9148-9D881B0C4525}.Release|x64.ActiveCfg = Release|Any CPU
		{81AA7319-FC6C-4787-9148-9D881B0C4525}.Release|x64.Build.0 = Release|Any CPU
		{81AA7319-FC6C-4787-9148-9D881B0C4525}.Release|x86.ActiveCfg = Release|Any CPU
		{81AA7319-FC6C-4787-9148-9D881B0C4525}.Release|x86.Build.0 = Release|Any CPU
		{ECC15A7E-2779-4B83-9A08-68FB66B8C208}.Debug|Any CPU.ActiveCfg = Debug|Any CPU
		{ECC15A7E-2779-4B83-9A08-68FB66B8C208}.Debug|Any CPU.Build.0 = Debug|Any CPU
		{ECC15A7E-2779-4B83-9A08-68FB66B8C208}.Debug|x64.ActiveCfg = Debug|Any CPU
		{ECC15A7E-2779-4B83-9A08-68FB66B8C208}.Debug|x64.Build.0 = Debug|Any CPU
		{ECC15A7E-2779-4B83-9A08-68FB66B8C208}.Debug|x86.ActiveCfg = Debug|Any CPU
		{ECC15A7E-2779-4B83-9A08-68FB66B8C208}.Debug|x86.Build.0 = Debug|Any CPU
		{ECC15A7E-2779-4B83-9A08-68FB66B8C208}.Release|Any CPU.ActiveCfg = Release|Any CPU
		{ECC15A7E-2779-4B83-9A08-68FB66B8C208}.Release|Any CPU.Build.0 = Release|Any CPU
		{ECC15A7E-2779-4B83-9A08-68FB66B8C208}.Release|x64.ActiveCfg = Release|Any CPU
		{ECC15A7E-2779-4B83-9A08-68FB66B8C208}.Release|x64.Build.0 = Release|Any CPU
		{ECC15A7E-2779-4B83-9A08-68FB66B8C208}.Release|x86.ActiveCfg = Release|Any CPU
		{ECC15A7E-2779-4B83-9A08-68FB66B8C208}.Release|x86.Build.0 = Release|Any CPU
		{04625DD5-2CC1-4535-878B-EB9A5E45538A}.Debug|Any CPU.ActiveCfg = Debug|Any CPU
		{04625DD5-2CC1-4535-878B-EB9A5E45538A}.Debug|Any CPU.Build.0 = Debug|Any CPU
		{04625DD5-2CC1-4535-878B-EB9A5E45538A}.Debug|x64.ActiveCfg = Debug|Any CPU
		{04625DD5-2CC1-4535-878B-EB9A5E45538A}.Debug|x64.Build.0 = Debug|Any CPU
		{04625DD5-2CC1-4535-878B-EB9A5E45538A}.Debug|x86.ActiveCfg = Debug|Any CPU
		{04625DD5-2CC1-4535-878B-EB9A5E45538A}.Debug|x86.Build.0 = Debug|Any CPU
		{04625DD5-2CC1-4535-878B-EB9A5E45538A}.Release|Any CPU.ActiveCfg = Release|Any CPU
		{04625DD5-2CC1-4535-878B-EB9A5E45538A}.Release|Any CPU.Build.0 = Release|Any CPU
		{04625DD5-2CC1-4535-878B-EB9A5E45538A}.Release|x64.ActiveCfg = Release|Any CPU
		{04625DD5-2CC1-4535-878B-EB9A5E45538A}.Release|x64.Build.0 = Release|Any CPU
		{04625DD5-2CC1-4535-878B-EB9A5E45538A}.Release|x86.ActiveCfg = Release|Any CPU
		{04625DD5-2CC1-4535-878B-EB9A5E45538A}.Release|x86.Build.0 = Release|Any CPU
		{803D4F72-B37D-4D19-A0E4-FCD5BD4CFC7B}.Debug|Any CPU.ActiveCfg = Debug|Any CPU
		{803D4F72-B37D-4D19-A0E4-FCD5BD4CFC7B}.Debug|Any CPU.Build.0 = Debug|Any CPU
		{803D4F72-B37D-4D19-A0E4-FCD5BD4CFC7B}.Debug|x64.ActiveCfg = Debug|Any CPU
		{803D4F72-B37D-4D19-A0E4-FCD5BD4CFC7B}.Debug|x64.Build.0 = Debug|Any CPU
		{803D4F72-B37D-4D19-A0E4-FCD5BD4CFC7B}.Debug|x86.ActiveCfg = Debug|Any CPU
		{803D4F72-B37D-4D19-A0E4-FCD5BD4CFC7B}.Debug|x86.Build.0 = Debug|Any CPU
		{803D4F72-B37D-4D19-A0E4-FCD5BD4CFC7B}.Release|Any CPU.ActiveCfg = Release|Any CPU
		{803D4F72-B37D-4D19-A0E4-FCD5BD4CFC7B}.Release|Any CPU.Build.0 = Release|Any CPU
		{803D4F72-B37D-4D19-A0E4-FCD5BD4CFC7B}.Release|x64.ActiveCfg = Release|Any CPU
		{803D4F72-B37D-4D19-A0E4-FCD5BD4CFC7B}.Release|x64.Build.0 = Release|Any CPU
		{803D4F72-B37D-4D19-A0E4-FCD5BD4CFC7B}.Release|x86.ActiveCfg = Release|Any CPU
		{803D4F72-B37D-4D19-A0E4-FCD5BD4CFC7B}.Release|x86.Build.0 = Release|Any CPU
		{CA86AD99-D6DC-46C1-9908-EBB69EA06036}.Debug|Any CPU.ActiveCfg = Debug|Any CPU
		{CA86AD99-D6DC-46C1-9908-EBB69EA06036}.Debug|Any CPU.Build.0 = Debug|Any CPU
		{CA86AD99-D6DC-46C1-9908-EBB69EA06036}.Debug|x64.ActiveCfg = Debug|Any CPU
		{CA86AD99-D6DC-46C1-9908-EBB69EA06036}.Debug|x64.Build.0 = Debug|Any CPU
		{CA86AD99-D6DC-46C1-9908-EBB69EA06036}.Debug|x86.ActiveCfg = Debug|Any CPU
		{CA86AD99-D6DC-46C1-9908-EBB69EA06036}.Debug|x86.Build.0 = Debug|Any CPU
		{CA86AD99-D6DC-46C1-9908-EBB69EA06036}.Release|Any CPU.ActiveCfg = Release|Any CPU
		{CA86AD99-D6DC-46C1-9908-EBB69EA06036}.Release|Any CPU.Build.0 = Release|Any CPU
		{CA86AD99-D6DC-46C1-9908-EBB69EA06036}.Release|x64.ActiveCfg = Release|Any CPU
		{CA86AD99-D6DC-46C1-9908-EBB69EA06036}.Release|x64.Build.0 = Release|Any CPU
		{CA86AD99-D6DC-46C1-9908-EBB69EA06036}.Release|x86.ActiveCfg = Release|Any CPU
		{CA86AD99-D6DC-46C1-9908-EBB69EA06036}.Release|x86.Build.0 = Release|Any CPU
		{DDC0F821-68D7-414D-AAC6-617D1378958F}.Debug|Any CPU.ActiveCfg = Debug|Any CPU
		{DDC0F821-68D7-414D-AAC6-617D1378958F}.Debug|Any CPU.Build.0 = Debug|Any CPU
		{DDC0F821-68D7-414D-AAC6-617D1378958F}.Debug|x64.ActiveCfg = Debug|Any CPU
		{DDC0F821-68D7-414D-AAC6-617D1378958F}.Debug|x64.Build.0 = Debug|Any CPU
		{DDC0F821-68D7-414D-AAC6-617D1378958F}.Debug|x86.ActiveCfg = Debug|Any CPU
		{DDC0F821-68D7-414D-AAC6-617D1378958F}.Debug|x86.Build.0 = Debug|Any CPU
		{DDC0F821-68D7-414D-AAC6-617D1378958F}.Release|Any CPU.ActiveCfg = Release|Any CPU
		{DDC0F821-68D7-414D-AAC6-617D1378958F}.Release|Any CPU.Build.0 = Release|Any CPU
		{DDC0F821-68D7-414D-AAC6-617D1378958F}.Release|x64.ActiveCfg = Release|Any CPU
		{DDC0F821-68D7-414D-AAC6-617D1378958F}.Release|x64.Build.0 = Release|Any CPU
		{DDC0F821-68D7-414D-AAC6-617D1378958F}.Release|x86.ActiveCfg = Release|Any CPU
		{DDC0F821-68D7-414D-AAC6-617D1378958F}.Release|x86.Build.0 = Release|Any CPU
		{19234B2C-B202-4E1F-9BE7-9468FEB635BC}.Debug|Any CPU.ActiveCfg = Debug|Any CPU
		{19234B2C-B202-4E1F-9BE7-9468FEB635BC}.Debug|Any CPU.Build.0 = Debug|Any CPU
		{19234B2C-B202-4E1F-9BE7-9468FEB635BC}.Debug|x64.ActiveCfg = Debug|Any CPU
		{19234B2C-B202-4E1F-9BE7-9468FEB635BC}.Debug|x64.Build.0 = Debug|Any CPU
		{19234B2C-B202-4E1F-9BE7-9468FEB635BC}.Debug|x86.ActiveCfg = Debug|Any CPU
		{19234B2C-B202-4E1F-9BE7-9468FEB635BC}.Debug|x86.Build.0 = Debug|Any CPU
		{19234B2C-B202-4E1F-9BE7-9468FEB635BC}.Release|Any CPU.ActiveCfg = Release|Any CPU
		{19234B2C-B202-4E1F-9BE7-9468FEB635BC}.Release|Any CPU.Build.0 = Release|Any CPU
		{19234B2C-B202-4E1F-9BE7-9468FEB635BC}.Release|x64.ActiveCfg = Release|Any CPU
		{19234B2C-B202-4E1F-9BE7-9468FEB635BC}.Release|x64.Build.0 = Release|Any CPU
		{19234B2C-B202-4E1F-9BE7-9468FEB635BC}.Release|x86.ActiveCfg = Release|Any CPU
		{19234B2C-B202-4E1F-9BE7-9468FEB635BC}.Release|x86.Build.0 = Release|Any CPU
		{9FDA1085-C051-4BE3-9952-405A2E52E232}.Debug|Any CPU.ActiveCfg = Debug|Any CPU
		{9FDA1085-C051-4BE3-9952-405A2E52E232}.Debug|Any CPU.Build.0 = Debug|Any CPU
		{9FDA1085-C051-4BE3-9952-405A2E52E232}.Debug|x64.ActiveCfg = Debug|Any CPU
		{9FDA1085-C051-4BE3-9952-405A2E52E232}.Debug|x64.Build.0 = Debug|Any CPU
		{9FDA1085-C051-4BE3-9952-405A2E52E232}.Debug|x86.ActiveCfg = Debug|Any CPU
		{9FDA1085-C051-4BE3-9952-405A2E52E232}.Debug|x86.Build.0 = Debug|Any CPU
		{9FDA1085-C051-4BE3-9952-405A2E52E232}.Release|Any CPU.ActiveCfg = Release|Any CPU
		{9FDA1085-C051-4BE3-9952-405A2E52E232}.Release|Any CPU.Build.0 = Release|Any CPU
		{9FDA1085-C051-4BE3-9952-405A2E52E232}.Release|x64.ActiveCfg = Release|Any CPU
		{9FDA1085-C051-4BE3-9952-405A2E52E232}.Release|x64.Build.0 = Release|Any CPU
		{9FDA1085-C051-4BE3-9952-405A2E52E232}.Release|x86.ActiveCfg = Release|Any CPU
		{9FDA1085-C051-4BE3-9952-405A2E52E232}.Release|x86.Build.0 = Release|Any CPU
		{B0F1C222-26E0-43A5-A681-60D101704AD6}.Debug|Any CPU.ActiveCfg = Debug|Any CPU
		{B0F1C222-26E0-43A5-A681-60D101704AD6}.Debug|Any CPU.Build.0 = Debug|Any CPU
		{B0F1C222-26E0-43A5-A681-60D101704AD6}.Debug|x64.ActiveCfg = Debug|Any CPU
		{B0F1C222-26E0-43A5-A681-60D101704AD6}.Debug|x64.Build.0 = Debug|Any CPU
		{B0F1C222-26E0-43A5-A681-60D101704AD6}.Debug|x86.ActiveCfg = Debug|Any CPU
		{B0F1C222-26E0-43A5-A681-60D101704AD6}.Debug|x86.Build.0 = Debug|Any CPU
		{B0F1C222-26E0-43A5-A681-60D101704AD6}.Release|Any CPU.ActiveCfg = Release|Any CPU
		{B0F1C222-26E0-43A5-A681-60D101704AD6}.Release|Any CPU.Build.0 = Release|Any CPU
		{B0F1C222-26E0-43A5-A681-60D101704AD6}.Release|x64.ActiveCfg = Release|Any CPU
		{B0F1C222-26E0-43A5-A681-60D101704AD6}.Release|x64.Build.0 = Release|Any CPU
		{B0F1C222-26E0-43A5-A681-60D101704AD6}.Release|x86.ActiveCfg = Release|Any CPU
		{B0F1C222-26E0-43A5-A681-60D101704AD6}.Release|x86.Build.0 = Release|Any CPU
		{CCF5FC7B-3622-4EAE-B245-175EB187CE6A}.Debug|Any CPU.ActiveCfg = Debug|Any CPU
		{CCF5FC7B-3622-4EAE-B245-175EB187CE6A}.Debug|Any CPU.Build.0 = Debug|Any CPU
		{CCF5FC7B-3622-4EAE-B245-175EB187CE6A}.Debug|x64.ActiveCfg = Debug|Any CPU
		{CCF5FC7B-3622-4EAE-B245-175EB187CE6A}.Debug|x64.Build.0 = Debug|Any CPU
		{CCF5FC7B-3622-4EAE-B245-175EB187CE6A}.Debug|x86.ActiveCfg = Debug|Any CPU
		{CCF5FC7B-3622-4EAE-B245-175EB187CE6A}.Debug|x86.Build.0 = Debug|Any CPU
		{CCF5FC7B-3622-4EAE-B245-175EB187CE6A}.Release|Any CPU.ActiveCfg = Release|Any CPU
		{CCF5FC7B-3622-4EAE-B245-175EB187CE6A}.Release|Any CPU.Build.0 = Release|Any CPU
		{CCF5FC7B-3622-4EAE-B245-175EB187CE6A}.Release|x64.ActiveCfg = Release|Any CPU
		{CCF5FC7B-3622-4EAE-B245-175EB187CE6A}.Release|x64.Build.0 = Release|Any CPU
		{CCF5FC7B-3622-4EAE-B245-175EB187CE6A}.Release|x86.ActiveCfg = Release|Any CPU
		{CCF5FC7B-3622-4EAE-B245-175EB187CE6A}.Release|x86.Build.0 = Release|Any CPU
		{9E09AEE4-03B0-48CC-85E1-7BF0CDAE4510}.Debug|Any CPU.ActiveCfg = Debug|Any CPU
		{9E09AEE4-03B0-48CC-85E1-7BF0CDAE4510}.Debug|Any CPU.Build.0 = Debug|Any CPU
		{9E09AEE4-03B0-48CC-85E1-7BF0CDAE4510}.Debug|x64.ActiveCfg = Debug|Any CPU
		{9E09AEE4-03B0-48CC-85E1-7BF0CDAE4510}.Debug|x64.Build.0 = Debug|Any CPU
		{9E09AEE4-03B0-48CC-85E1-7BF0CDAE4510}.Debug|x86.ActiveCfg = Debug|Any CPU
		{9E09AEE4-03B0-48CC-85E1-7BF0CDAE4510}.Debug|x86.Build.0 = Debug|Any CPU
		{9E09AEE4-03B0-48CC-85E1-7BF0CDAE4510}.Release|Any CPU.ActiveCfg = Release|Any CPU
		{9E09AEE4-03B0-48CC-85E1-7BF0CDAE4510}.Release|Any CPU.Build.0 = Release|Any CPU
		{9E09AEE4-03B0-48CC-85E1-7BF0CDAE4510}.Release|x64.ActiveCfg = Release|Any CPU
		{9E09AEE4-03B0-48CC-85E1-7BF0CDAE4510}.Release|x64.Build.0 = Release|Any CPU
		{9E09AEE4-03B0-48CC-85E1-7BF0CDAE4510}.Release|x86.ActiveCfg = Release|Any CPU
		{9E09AEE4-03B0-48CC-85E1-7BF0CDAE4510}.Release|x86.Build.0 = Release|Any CPU
		{4A7FEF95-2D66-4C1B-80E7-190484F21815}.Debug|Any CPU.ActiveCfg = Debug|Any CPU
		{4A7FEF95-2D66-4C1B-80E7-190484F21815}.Debug|Any CPU.Build.0 = Debug|Any CPU
		{4A7FEF95-2D66-4C1B-80E7-190484F21815}.Debug|x64.ActiveCfg = Debug|Any CPU
		{4A7FEF95-2D66-4C1B-80E7-190484F21815}.Debug|x64.Build.0 = Debug|Any CPU
		{4A7FEF95-2D66-4C1B-80E7-190484F21815}.Debug|x86.ActiveCfg = Debug|Any CPU
		{4A7FEF95-2D66-4C1B-80E7-190484F21815}.Debug|x86.Build.0 = Debug|Any CPU
		{4A7FEF95-2D66-4C1B-80E7-190484F21815}.Release|Any CPU.ActiveCfg = Release|Any CPU
		{4A7FEF95-2D66-4C1B-80E7-190484F21815}.Release|Any CPU.Build.0 = Release|Any CPU
		{4A7FEF95-2D66-4C1B-80E7-190484F21815}.Release|x64.ActiveCfg = Release|Any CPU
		{4A7FEF95-2D66-4C1B-80E7-190484F21815}.Release|x64.Build.0 = Release|Any CPU
		{4A7FEF95-2D66-4C1B-80E7-190484F21815}.Release|x86.ActiveCfg = Release|Any CPU
		{4A7FEF95-2D66-4C1B-80E7-190484F21815}.Release|x86.Build.0 = Release|Any CPU
		{17BB4E49-B711-4585-85F0-325EF430FEB4}.Debug|Any CPU.ActiveCfg = Debug|Any CPU
		{17BB4E49-B711-4585-85F0-325EF430FEB4}.Debug|Any CPU.Build.0 = Debug|Any CPU
		{17BB4E49-B711-4585-85F0-325EF430FEB4}.Debug|x64.ActiveCfg = Debug|Any CPU
		{17BB4E49-B711-4585-85F0-325EF430FEB4}.Debug|x64.Build.0 = Debug|Any CPU
		{17BB4E49-B711-4585-85F0-325EF430FEB4}.Debug|x86.ActiveCfg = Debug|Any CPU
		{17BB4E49-B711-4585-85F0-325EF430FEB4}.Debug|x86.Build.0 = Debug|Any CPU
		{17BB4E49-B711-4585-85F0-325EF430FEB4}.Release|Any CPU.ActiveCfg = Release|Any CPU
		{17BB4E49-B711-4585-85F0-325EF430FEB4}.Release|Any CPU.Build.0 = Release|Any CPU
		{17BB4E49-B711-4585-85F0-325EF430FEB4}.Release|x64.ActiveCfg = Release|Any CPU
		{17BB4E49-B711-4585-85F0-325EF430FEB4}.Release|x64.Build.0 = Release|Any CPU
		{17BB4E49-B711-4585-85F0-325EF430FEB4}.Release|x86.ActiveCfg = Release|Any CPU
		{17BB4E49-B711-4585-85F0-325EF430FEB4}.Release|x86.Build.0 = Release|Any CPU
		{DF721CE3-DA6C-400B-A481-AAFB254EF070}.Debug|Any CPU.ActiveCfg = Debug|Any CPU
		{DF721CE3-DA6C-400B-A481-AAFB254EF070}.Debug|Any CPU.Build.0 = Debug|Any CPU
		{DF721CE3-DA6C-400B-A481-AAFB254EF070}.Debug|x64.ActiveCfg = Debug|Any CPU
		{DF721CE3-DA6C-400B-A481-AAFB254EF070}.Debug|x64.Build.0 = Debug|Any CPU
		{DF721CE3-DA6C-400B-A481-AAFB254EF070}.Debug|x86.ActiveCfg = Debug|Any CPU
		{DF721CE3-DA6C-400B-A481-AAFB254EF070}.Debug|x86.Build.0 = Debug|Any CPU
		{DF721CE3-DA6C-400B-A481-AAFB254EF070}.Release|Any CPU.ActiveCfg = Release|Any CPU
		{DF721CE3-DA6C-400B-A481-AAFB254EF070}.Release|Any CPU.Build.0 = Release|Any CPU
		{DF721CE3-DA6C-400B-A481-AAFB254EF070}.Release|x64.ActiveCfg = Release|Any CPU
		{DF721CE3-DA6C-400B-A481-AAFB254EF070}.Release|x64.Build.0 = Release|Any CPU
		{DF721CE3-DA6C-400B-A481-AAFB254EF070}.Release|x86.ActiveCfg = Release|Any CPU
		{DF721CE3-DA6C-400B-A481-AAFB254EF070}.Release|x86.Build.0 = Release|Any CPU
		{507D32A4-E492-4CD2-8201-4A7BEFF7D005}.Debug|Any CPU.ActiveCfg = Debug|Any CPU
		{507D32A4-E492-4CD2-8201-4A7BEFF7D005}.Debug|Any CPU.Build.0 = Debug|Any CPU
		{507D32A4-E492-4CD2-8201-4A7BEFF7D005}.Debug|x64.ActiveCfg = Debug|Any CPU
		{507D32A4-E492-4CD2-8201-4A7BEFF7D005}.Debug|x64.Build.0 = Debug|Any CPU
		{507D32A4-E492-4CD2-8201-4A7BEFF7D005}.Debug|x86.ActiveCfg = Debug|Any CPU
		{507D32A4-E492-4CD2-8201-4A7BEFF7D005}.Debug|x86.Build.0 = Debug|Any CPU
		{507D32A4-E492-4CD2-8201-4A7BEFF7D005}.Release|Any CPU.ActiveCfg = Release|Any CPU
		{507D32A4-E492-4CD2-8201-4A7BEFF7D005}.Release|Any CPU.Build.0 = Release|Any CPU
		{507D32A4-E492-4CD2-8201-4A7BEFF7D005}.Release|x64.ActiveCfg = Release|Any CPU
		{507D32A4-E492-4CD2-8201-4A7BEFF7D005}.Release|x64.Build.0 = Release|Any CPU
		{507D32A4-E492-4CD2-8201-4A7BEFF7D005}.Release|x86.ActiveCfg = Release|Any CPU
		{507D32A4-E492-4CD2-8201-4A7BEFF7D005}.Release|x86.Build.0 = Release|Any CPU
		{220B20CE-8701-4608-A93C-86B16B7F356A}.Debug|Any CPU.ActiveCfg = Debug|Any CPU
		{220B20CE-8701-4608-A93C-86B16B7F356A}.Debug|Any CPU.Build.0 = Debug|Any CPU
		{220B20CE-8701-4608-A93C-86B16B7F356A}.Debug|x64.ActiveCfg = Debug|Any CPU
		{220B20CE-8701-4608-A93C-86B16B7F356A}.Debug|x64.Build.0 = Debug|Any CPU
		{220B20CE-8701-4608-A93C-86B16B7F356A}.Debug|x86.ActiveCfg = Debug|Any CPU
		{220B20CE-8701-4608-A93C-86B16B7F356A}.Debug|x86.Build.0 = Debug|Any CPU
		{220B20CE-8701-4608-A93C-86B16B7F356A}.Release|Any CPU.ActiveCfg = Release|Any CPU
		{220B20CE-8701-4608-A93C-86B16B7F356A}.Release|Any CPU.Build.0 = Release|Any CPU
		{220B20CE-8701-4608-A93C-86B16B7F356A}.Release|x64.ActiveCfg = Release|Any CPU
		{220B20CE-8701-4608-A93C-86B16B7F356A}.Release|x64.Build.0 = Release|Any CPU
		{220B20CE-8701-4608-A93C-86B16B7F356A}.Release|x86.ActiveCfg = Release|Any CPU
		{220B20CE-8701-4608-A93C-86B16B7F356A}.Release|x86.Build.0 = Release|Any CPU
		{3802F361-C3CB-4C23-95EF-C5EF874186C2}.Debug|Any CPU.ActiveCfg = Debug|Any CPU
		{3802F361-C3CB-4C23-95EF-C5EF874186C2}.Debug|Any CPU.Build.0 = Debug|Any CPU
		{3802F361-C3CB-4C23-95EF-C5EF874186C2}.Debug|x64.ActiveCfg = Debug|Any CPU
		{3802F361-C3CB-4C23-95EF-C5EF874186C2}.Debug|x64.Build.0 = Debug|Any CPU
		{3802F361-C3CB-4C23-95EF-C5EF874186C2}.Debug|x86.ActiveCfg = Debug|Any CPU
		{3802F361-C3CB-4C23-95EF-C5EF874186C2}.Debug|x86.Build.0 = Debug|Any CPU
		{3802F361-C3CB-4C23-95EF-C5EF874186C2}.Release|Any CPU.ActiveCfg = Release|Any CPU
		{3802F361-C3CB-4C23-95EF-C5EF874186C2}.Release|Any CPU.Build.0 = Release|Any CPU
		{3802F361-C3CB-4C23-95EF-C5EF874186C2}.Release|x64.ActiveCfg = Release|Any CPU
		{3802F361-C3CB-4C23-95EF-C5EF874186C2}.Release|x64.Build.0 = Release|Any CPU
		{3802F361-C3CB-4C23-95EF-C5EF874186C2}.Release|x86.ActiveCfg = Release|Any CPU
		{3802F361-C3CB-4C23-95EF-C5EF874186C2}.Release|x86.Build.0 = Release|Any CPU
		{7242DC6E-75AD-478E-9EE5-0BB07B99D7C8}.Debug|Any CPU.ActiveCfg = Debug|Any CPU
		{7242DC6E-75AD-478E-9EE5-0BB07B99D7C8}.Debug|Any CPU.Build.0 = Debug|Any CPU
		{7242DC6E-75AD-478E-9EE5-0BB07B99D7C8}.Debug|x64.ActiveCfg = Debug|Any CPU
		{7242DC6E-75AD-478E-9EE5-0BB07B99D7C8}.Debug|x64.Build.0 = Debug|Any CPU
		{7242DC6E-75AD-478E-9EE5-0BB07B99D7C8}.Debug|x86.ActiveCfg = Debug|Any CPU
		{7242DC6E-75AD-478E-9EE5-0BB07B99D7C8}.Debug|x86.Build.0 = Debug|Any CPU
		{7242DC6E-75AD-478E-9EE5-0BB07B99D7C8}.Release|Any CPU.ActiveCfg = Release|Any CPU
		{7242DC6E-75AD-478E-9EE5-0BB07B99D7C8}.Release|Any CPU.Build.0 = Release|Any CPU
		{7242DC6E-75AD-478E-9EE5-0BB07B99D7C8}.Release|x64.ActiveCfg = Release|Any CPU
		{7242DC6E-75AD-478E-9EE5-0BB07B99D7C8}.Release|x64.Build.0 = Release|Any CPU
		{7242DC6E-75AD-478E-9EE5-0BB07B99D7C8}.Release|x86.ActiveCfg = Release|Any CPU
		{7242DC6E-75AD-478E-9EE5-0BB07B99D7C8}.Release|x86.Build.0 = Release|Any CPU
		{4D18F0CA-CB0A-47CC-8BE7-A1CC9C451938}.Debug|Any CPU.ActiveCfg = Debug|Any CPU
		{4D18F0CA-CB0A-47CC-8BE7-A1CC9C451938}.Debug|Any CPU.Build.0 = Debug|Any CPU
		{4D18F0CA-CB0A-47CC-8BE7-A1CC9C451938}.Debug|x64.ActiveCfg = Debug|Any CPU
		{4D18F0CA-CB0A-47CC-8BE7-A1CC9C451938}.Debug|x64.Build.0 = Debug|Any CPU
		{4D18F0CA-CB0A-47CC-8BE7-A1CC9C451938}.Debug|x86.ActiveCfg = Debug|Any CPU
		{4D18F0CA-CB0A-47CC-8BE7-A1CC9C451938}.Debug|x86.Build.0 = Debug|Any CPU
		{4D18F0CA-CB0A-47CC-8BE7-A1CC9C451938}.Release|Any CPU.ActiveCfg = Release|Any CPU
		{4D18F0CA-CB0A-47CC-8BE7-A1CC9C451938}.Release|Any CPU.Build.0 = Release|Any CPU
		{4D18F0CA-CB0A-47CC-8BE7-A1CC9C451938}.Release|x64.ActiveCfg = Release|Any CPU
		{4D18F0CA-CB0A-47CC-8BE7-A1CC9C451938}.Release|x64.Build.0 = Release|Any CPU
		{4D18F0CA-CB0A-47CC-8BE7-A1CC9C451938}.Release|x86.ActiveCfg = Release|Any CPU
		{4D18F0CA-CB0A-47CC-8BE7-A1CC9C451938}.Release|x86.Build.0 = Release|Any CPU
		{8BCBDB5C-25B0-4172-B1CE-B778A6DDEDF9}.Debug|Any CPU.ActiveCfg = Debug|Any CPU
		{8BCBDB5C-25B0-4172-B1CE-B778A6DDEDF9}.Debug|Any CPU.Build.0 = Debug|Any CPU
		{8BCBDB5C-25B0-4172-B1CE-B778A6DDEDF9}.Debug|x64.ActiveCfg = Debug|Any CPU
		{8BCBDB5C-25B0-4172-B1CE-B778A6DDEDF9}.Debug|x64.Build.0 = Debug|Any CPU
		{8BCBDB5C-25B0-4172-B1CE-B778A6DDEDF9}.Debug|x86.ActiveCfg = Debug|Any CPU
		{8BCBDB5C-25B0-4172-B1CE-B778A6DDEDF9}.Debug|x86.Build.0 = Debug|Any CPU
		{8BCBDB5C-25B0-4172-B1CE-B778A6DDEDF9}.Release|Any CPU.ActiveCfg = Release|Any CPU
		{8BCBDB5C-25B0-4172-B1CE-B778A6DDEDF9}.Release|Any CPU.Build.0 = Release|Any CPU
		{8BCBDB5C-25B0-4172-B1CE-B778A6DDEDF9}.Release|x64.ActiveCfg = Release|Any CPU
		{8BCBDB5C-25B0-4172-B1CE-B778A6DDEDF9}.Release|x64.Build.0 = Release|Any CPU
		{8BCBDB5C-25B0-4172-B1CE-B778A6DDEDF9}.Release|x86.ActiveCfg = Release|Any CPU
		{8BCBDB5C-25B0-4172-B1CE-B778A6DDEDF9}.Release|x86.Build.0 = Release|Any CPU
		{E3339D7F-A594-4969-BF46-65E7B3897DEF}.Debug|Any CPU.ActiveCfg = Debug|Any CPU
		{E3339D7F-A594-4969-BF46-65E7B3897DEF}.Debug|Any CPU.Build.0 = Debug|Any CPU
		{E3339D7F-A594-4969-BF46-65E7B3897DEF}.Debug|x64.ActiveCfg = Debug|Any CPU
		{E3339D7F-A594-4969-BF46-65E7B3897DEF}.Debug|x64.Build.0 = Debug|Any CPU
		{E3339D7F-A594-4969-BF46-65E7B3897DEF}.Debug|x86.ActiveCfg = Debug|Any CPU
		{E3339D7F-A594-4969-BF46-65E7B3897DEF}.Debug|x86.Build.0 = Debug|Any CPU
		{E3339D7F-A594-4969-BF46-65E7B3897DEF}.Release|Any CPU.ActiveCfg = Release|Any CPU
		{E3339D7F-A594-4969-BF46-65E7B3897DEF}.Release|Any CPU.Build.0 = Release|Any CPU
		{E3339D7F-A594-4969-BF46-65E7B3897DEF}.Release|x64.ActiveCfg = Release|Any CPU
		{E3339D7F-A594-4969-BF46-65E7B3897DEF}.Release|x64.Build.0 = Release|Any CPU
		{E3339D7F-A594-4969-BF46-65E7B3897DEF}.Release|x86.ActiveCfg = Release|Any CPU
		{E3339D7F-A594-4969-BF46-65E7B3897DEF}.Release|x86.Build.0 = Release|Any CPU
		{6DD134F6-8FB3-4F0B-B762-CB6DFBA7B661}.Debug|Any CPU.ActiveCfg = Debug|Any CPU
		{6DD134F6-8FB3-4F0B-B762-CB6DFBA7B661}.Debug|Any CPU.Build.0 = Debug|Any CPU
		{6DD134F6-8FB3-4F0B-B762-CB6DFBA7B661}.Debug|x64.ActiveCfg = Debug|Any CPU
		{6DD134F6-8FB3-4F0B-B762-CB6DFBA7B661}.Debug|x64.Build.0 = Debug|Any CPU
		{6DD134F6-8FB3-4F0B-B762-CB6DFBA7B661}.Debug|x86.ActiveCfg = Debug|Any CPU
		{6DD134F6-8FB3-4F0B-B762-CB6DFBA7B661}.Debug|x86.Build.0 = Debug|Any CPU
		{6DD134F6-8FB3-4F0B-B762-CB6DFBA7B661}.Release|Any CPU.ActiveCfg = Release|Any CPU
		{6DD134F6-8FB3-4F0B-B762-CB6DFBA7B661}.Release|Any CPU.Build.0 = Release|Any CPU
		{6DD134F6-8FB3-4F0B-B762-CB6DFBA7B661}.Release|x64.ActiveCfg = Release|Any CPU
		{6DD134F6-8FB3-4F0B-B762-CB6DFBA7B661}.Release|x64.Build.0 = Release|Any CPU
		{6DD134F6-8FB3-4F0B-B762-CB6DFBA7B661}.Release|x86.ActiveCfg = Release|Any CPU
		{6DD134F6-8FB3-4F0B-B762-CB6DFBA7B661}.Release|x86.Build.0 = Release|Any CPU
		{8AFF7210-7931-43B5-8816-4086A859A124}.Debug|Any CPU.ActiveCfg = Debug|Any CPU
		{8AFF7210-7931-43B5-8816-4086A859A124}.Debug|Any CPU.Build.0 = Debug|Any CPU
		{8AFF7210-7931-43B5-8816-4086A859A124}.Debug|x64.ActiveCfg = Debug|Any CPU
		{8AFF7210-7931-43B5-8816-4086A859A124}.Debug|x64.Build.0 = Debug|Any CPU
		{8AFF7210-7931-43B5-8816-4086A859A124}.Debug|x86.ActiveCfg = Debug|Any CPU
		{8AFF7210-7931-43B5-8816-4086A859A124}.Debug|x86.Build.0 = Debug|Any CPU
		{8AFF7210-7931-43B5-8816-4086A859A124}.Release|Any CPU.ActiveCfg = Release|Any CPU
		{8AFF7210-7931-43B5-8816-4086A859A124}.Release|Any CPU.Build.0 = Release|Any CPU
		{8AFF7210-7931-43B5-8816-4086A859A124}.Release|x64.ActiveCfg = Release|Any CPU
		{8AFF7210-7931-43B5-8816-4086A859A124}.Release|x64.Build.0 = Release|Any CPU
		{8AFF7210-7931-43B5-8816-4086A859A124}.Release|x86.ActiveCfg = Release|Any CPU
		{8AFF7210-7931-43B5-8816-4086A859A124}.Release|x86.Build.0 = Release|Any CPU
		{ACE0559F-F2E5-43FA-8EBF-7ECB6D45BB2B}.Debug|Any CPU.ActiveCfg = Debug|Any CPU
		{ACE0559F-F2E5-43FA-8EBF-7ECB6D45BB2B}.Debug|Any CPU.Build.0 = Debug|Any CPU
		{ACE0559F-F2E5-43FA-8EBF-7ECB6D45BB2B}.Debug|x64.ActiveCfg = Debug|Any CPU
		{ACE0559F-F2E5-43FA-8EBF-7ECB6D45BB2B}.Debug|x64.Build.0 = Debug|Any CPU
		{ACE0559F-F2E5-43FA-8EBF-7ECB6D45BB2B}.Debug|x86.ActiveCfg = Debug|Any CPU
		{ACE0559F-F2E5-43FA-8EBF-7ECB6D45BB2B}.Debug|x86.Build.0 = Debug|Any CPU
		{ACE0559F-F2E5-43FA-8EBF-7ECB6D45BB2B}.Release|Any CPU.ActiveCfg = Release|Any CPU
		{ACE0559F-F2E5-43FA-8EBF-7ECB6D45BB2B}.Release|Any CPU.Build.0 = Release|Any CPU
		{ACE0559F-F2E5-43FA-8EBF-7ECB6D45BB2B}.Release|x64.ActiveCfg = Release|Any CPU
		{ACE0559F-F2E5-43FA-8EBF-7ECB6D45BB2B}.Release|x64.Build.0 = Release|Any CPU
		{ACE0559F-F2E5-43FA-8EBF-7ECB6D45BB2B}.Release|x86.ActiveCfg = Release|Any CPU
		{ACE0559F-F2E5-43FA-8EBF-7ECB6D45BB2B}.Release|x86.Build.0 = Release|Any CPU
		{374B4A1D-F068-4BFF-BEED-4BDFA32EF23C}.Debug|Any CPU.ActiveCfg = Debug|Any CPU
		{374B4A1D-F068-4BFF-BEED-4BDFA32EF23C}.Debug|Any CPU.Build.0 = Debug|Any CPU
		{374B4A1D-F068-4BFF-BEED-4BDFA32EF23C}.Debug|x64.ActiveCfg = Debug|Any CPU
		{374B4A1D-F068-4BFF-BEED-4BDFA32EF23C}.Debug|x64.Build.0 = Debug|Any CPU
		{374B4A1D-F068-4BFF-BEED-4BDFA32EF23C}.Debug|x86.ActiveCfg = Debug|Any CPU
		{374B4A1D-F068-4BFF-BEED-4BDFA32EF23C}.Debug|x86.Build.0 = Debug|Any CPU
		{374B4A1D-F068-4BFF-BEED-4BDFA32EF23C}.Release|Any CPU.ActiveCfg = Release|Any CPU
		{374B4A1D-F068-4BFF-BEED-4BDFA32EF23C}.Release|Any CPU.Build.0 = Release|Any CPU
		{374B4A1D-F068-4BFF-BEED-4BDFA32EF23C}.Release|x64.ActiveCfg = Release|Any CPU
		{374B4A1D-F068-4BFF-BEED-4BDFA32EF23C}.Release|x64.Build.0 = Release|Any CPU
		{374B4A1D-F068-4BFF-BEED-4BDFA32EF23C}.Release|x86.ActiveCfg = Release|Any CPU
		{374B4A1D-F068-4BFF-BEED-4BDFA32EF23C}.Release|x86.Build.0 = Release|Any CPU
		{480B740B-5496-4FE9-99F9-0149CEEFB11C}.Debug|Any CPU.ActiveCfg = Debug|Any CPU
		{480B740B-5496-4FE9-99F9-0149CEEFB11C}.Debug|Any CPU.Build.0 = Debug|Any CPU
		{480B740B-5496-4FE9-99F9-0149CEEFB11C}.Debug|x64.ActiveCfg = Debug|Any CPU
		{480B740B-5496-4FE9-99F9-0149CEEFB11C}.Debug|x64.Build.0 = Debug|Any CPU
		{480B740B-5496-4FE9-99F9-0149CEEFB11C}.Debug|x86.ActiveCfg = Debug|Any CPU
		{480B740B-5496-4FE9-99F9-0149CEEFB11C}.Debug|x86.Build.0 = Debug|Any CPU
		{480B740B-5496-4FE9-99F9-0149CEEFB11C}.Release|Any CPU.ActiveCfg = Release|Any CPU
		{480B740B-5496-4FE9-99F9-0149CEEFB11C}.Release|Any CPU.Build.0 = Release|Any CPU
		{480B740B-5496-4FE9-99F9-0149CEEFB11C}.Release|x64.ActiveCfg = Release|Any CPU
		{480B740B-5496-4FE9-99F9-0149CEEFB11C}.Release|x64.Build.0 = Release|Any CPU
		{480B740B-5496-4FE9-99F9-0149CEEFB11C}.Release|x86.ActiveCfg = Release|Any CPU
		{480B740B-5496-4FE9-99F9-0149CEEFB11C}.Release|x86.Build.0 = Release|Any CPU
		{EAE57917-142C-4623-BBFD-950CADA05ACD}.Debug|Any CPU.ActiveCfg = Debug|Any CPU
		{EAE57917-142C-4623-BBFD-950CADA05ACD}.Debug|Any CPU.Build.0 = Debug|Any CPU
		{EAE57917-142C-4623-BBFD-950CADA05ACD}.Debug|x64.ActiveCfg = Debug|Any CPU
		{EAE57917-142C-4623-BBFD-950CADA05ACD}.Debug|x64.Build.0 = Debug|Any CPU
		{EAE57917-142C-4623-BBFD-950CADA05ACD}.Debug|x86.ActiveCfg = Debug|Any CPU
		{EAE57917-142C-4623-BBFD-950CADA05ACD}.Debug|x86.Build.0 = Debug|Any CPU
		{EAE57917-142C-4623-BBFD-950CADA05ACD}.Release|Any CPU.ActiveCfg = Release|Any CPU
		{EAE57917-142C-4623-BBFD-950CADA05ACD}.Release|Any CPU.Build.0 = Release|Any CPU
		{EAE57917-142C-4623-BBFD-950CADA05ACD}.Release|x64.ActiveCfg = Release|Any CPU
		{EAE57917-142C-4623-BBFD-950CADA05ACD}.Release|x64.Build.0 = Release|Any CPU
		{EAE57917-142C-4623-BBFD-950CADA05ACD}.Release|x86.ActiveCfg = Release|Any CPU
		{EAE57917-142C-4623-BBFD-950CADA05ACD}.Release|x86.Build.0 = Release|Any CPU
		{4B8BC457-A7E9-499A-8609-E61ABE29719A}.Debug|Any CPU.ActiveCfg = Debug|Any CPU
		{4B8BC457-A7E9-499A-8609-E61ABE29719A}.Debug|Any CPU.Build.0 = Debug|Any CPU
		{4B8BC457-A7E9-499A-8609-E61ABE29719A}.Debug|x64.ActiveCfg = Debug|Any CPU
		{4B8BC457-A7E9-499A-8609-E61ABE29719A}.Debug|x64.Build.0 = Debug|Any CPU
		{4B8BC457-A7E9-499A-8609-E61ABE29719A}.Debug|x86.ActiveCfg = Debug|Any CPU
		{4B8BC457-A7E9-499A-8609-E61ABE29719A}.Debug|x86.Build.0 = Debug|Any CPU
		{4B8BC457-A7E9-499A-8609-E61ABE29719A}.Release|Any CPU.ActiveCfg = Release|Any CPU
		{4B8BC457-A7E9-499A-8609-E61ABE29719A}.Release|Any CPU.Build.0 = Release|Any CPU
		{4B8BC457-A7E9-499A-8609-E61ABE29719A}.Release|x64.ActiveCfg = Release|Any CPU
		{4B8BC457-A7E9-499A-8609-E61ABE29719A}.Release|x64.Build.0 = Release|Any CPU
		{4B8BC457-A7E9-499A-8609-E61ABE29719A}.Release|x86.ActiveCfg = Release|Any CPU
		{4B8BC457-A7E9-499A-8609-E61ABE29719A}.Release|x86.Build.0 = Release|Any CPU
		{BFD77DDE-35AF-4104-BD23-5C5541D3298C}.Debug|Any CPU.ActiveCfg = Debug|Any CPU
		{BFD77DDE-35AF-4104-BD23-5C5541D3298C}.Debug|Any CPU.Build.0 = Debug|Any CPU
		{BFD77DDE-35AF-4104-BD23-5C5541D3298C}.Debug|x64.ActiveCfg = Debug|Any CPU
		{BFD77DDE-35AF-4104-BD23-5C5541D3298C}.Debug|x64.Build.0 = Debug|Any CPU
		{BFD77DDE-35AF-4104-BD23-5C5541D3298C}.Debug|x86.ActiveCfg = Debug|Any CPU
		{BFD77DDE-35AF-4104-BD23-5C5541D3298C}.Debug|x86.Build.0 = Debug|Any CPU
		{BFD77DDE-35AF-4104-BD23-5C5541D3298C}.Release|Any CPU.ActiveCfg = Release|Any CPU
		{BFD77DDE-35AF-4104-BD23-5C5541D3298C}.Release|Any CPU.Build.0 = Release|Any CPU
		{BFD77DDE-35AF-4104-BD23-5C5541D3298C}.Release|x64.ActiveCfg = Release|Any CPU
		{BFD77DDE-35AF-4104-BD23-5C5541D3298C}.Release|x64.Build.0 = Release|Any CPU
		{BFD77DDE-35AF-4104-BD23-5C5541D3298C}.Release|x86.ActiveCfg = Release|Any CPU
		{BFD77DDE-35AF-4104-BD23-5C5541D3298C}.Release|x86.Build.0 = Release|Any CPU
		{D1461479-72BF-45EC-9392-4520E6A445C4}.Debug|Any CPU.ActiveCfg = Debug|Any CPU
		{D1461479-72BF-45EC-9392-4520E6A445C4}.Debug|Any CPU.Build.0 = Debug|Any CPU
		{D1461479-72BF-45EC-9392-4520E6A445C4}.Debug|x64.ActiveCfg = Debug|Any CPU
		{D1461479-72BF-45EC-9392-4520E6A445C4}.Debug|x64.Build.0 = Debug|Any CPU
		{D1461479-72BF-45EC-9392-4520E6A445C4}.Debug|x86.ActiveCfg = Debug|Any CPU
		{D1461479-72BF-45EC-9392-4520E6A445C4}.Debug|x86.Build.0 = Debug|Any CPU
		{D1461479-72BF-45EC-9392-4520E6A445C4}.Release|Any CPU.ActiveCfg = Release|Any CPU
		{D1461479-72BF-45EC-9392-4520E6A445C4}.Release|Any CPU.Build.0 = Release|Any CPU
		{D1461479-72BF-45EC-9392-4520E6A445C4}.Release|x64.ActiveCfg = Release|Any CPU
		{D1461479-72BF-45EC-9392-4520E6A445C4}.Release|x64.Build.0 = Release|Any CPU
		{D1461479-72BF-45EC-9392-4520E6A445C4}.Release|x86.ActiveCfg = Release|Any CPU
		{D1461479-72BF-45EC-9392-4520E6A445C4}.Release|x86.Build.0 = Release|Any CPU
		{59A4A84A-0CA4-474D-9A78-50FDB0D6F682}.Debug|Any CPU.ActiveCfg = Debug|Any CPU
		{59A4A84A-0CA4-474D-9A78-50FDB0D6F682}.Debug|Any CPU.Build.0 = Debug|Any CPU
		{59A4A84A-0CA4-474D-9A78-50FDB0D6F682}.Debug|x64.ActiveCfg = Debug|Any CPU
		{59A4A84A-0CA4-474D-9A78-50FDB0D6F682}.Debug|x64.Build.0 = Debug|Any CPU
		{59A4A84A-0CA4-474D-9A78-50FDB0D6F682}.Debug|x86.ActiveCfg = Debug|Any CPU
		{59A4A84A-0CA4-474D-9A78-50FDB0D6F682}.Debug|x86.Build.0 = Debug|Any CPU
		{59A4A84A-0CA4-474D-9A78-50FDB0D6F682}.Release|Any CPU.ActiveCfg = Release|Any CPU
		{59A4A84A-0CA4-474D-9A78-50FDB0D6F682}.Release|Any CPU.Build.0 = Release|Any CPU
		{59A4A84A-0CA4-474D-9A78-50FDB0D6F682}.Release|x64.ActiveCfg = Release|Any CPU
		{59A4A84A-0CA4-474D-9A78-50FDB0D6F682}.Release|x64.Build.0 = Release|Any CPU
		{59A4A84A-0CA4-474D-9A78-50FDB0D6F682}.Release|x86.ActiveCfg = Release|Any CPU
		{59A4A84A-0CA4-474D-9A78-50FDB0D6F682}.Release|x86.Build.0 = Release|Any CPU
		{68468993-ACC2-4C93-AB58-86E80C15574B}.Debug|Any CPU.ActiveCfg = Debug|Any CPU
		{68468993-ACC2-4C93-AB58-86E80C15574B}.Debug|Any CPU.Build.0 = Debug|Any CPU
		{68468993-ACC2-4C93-AB58-86E80C15574B}.Debug|x64.ActiveCfg = Debug|Any CPU
		{68468993-ACC2-4C93-AB58-86E80C15574B}.Debug|x64.Build.0 = Debug|Any CPU
		{68468993-ACC2-4C93-AB58-86E80C15574B}.Debug|x86.ActiveCfg = Debug|Any CPU
		{68468993-ACC2-4C93-AB58-86E80C15574B}.Debug|x86.Build.0 = Debug|Any CPU
		{68468993-ACC2-4C93-AB58-86E80C15574B}.Release|Any CPU.ActiveCfg = Release|Any CPU
		{68468993-ACC2-4C93-AB58-86E80C15574B}.Release|Any CPU.Build.0 = Release|Any CPU
		{68468993-ACC2-4C93-AB58-86E80C15574B}.Release|x64.ActiveCfg = Release|Any CPU
		{68468993-ACC2-4C93-AB58-86E80C15574B}.Release|x64.Build.0 = Release|Any CPU
		{68468993-ACC2-4C93-AB58-86E80C15574B}.Release|x86.ActiveCfg = Release|Any CPU
		{68468993-ACC2-4C93-AB58-86E80C15574B}.Release|x86.Build.0 = Release|Any CPU
		{5B53C76B-FA2A-440E-BDFF-E489E7E2D609}.Debug|Any CPU.ActiveCfg = Debug|Any CPU
		{5B53C76B-FA2A-440E-BDFF-E489E7E2D609}.Debug|Any CPU.Build.0 = Debug|Any CPU
		{5B53C76B-FA2A-440E-BDFF-E489E7E2D609}.Debug|x64.ActiveCfg = Debug|Any CPU
		{5B53C76B-FA2A-440E-BDFF-E489E7E2D609}.Debug|x64.Build.0 = Debug|Any CPU
		{5B53C76B-FA2A-440E-BDFF-E489E7E2D609}.Debug|x86.ActiveCfg = Debug|Any CPU
		{5B53C76B-FA2A-440E-BDFF-E489E7E2D609}.Debug|x86.Build.0 = Debug|Any CPU
		{5B53C76B-FA2A-440E-BDFF-E489E7E2D609}.Release|Any CPU.ActiveCfg = Release|Any CPU
		{5B53C76B-FA2A-440E-BDFF-E489E7E2D609}.Release|Any CPU.Build.0 = Release|Any CPU
		{5B53C76B-FA2A-440E-BDFF-E489E7E2D609}.Release|x64.ActiveCfg = Release|Any CPU
		{5B53C76B-FA2A-440E-BDFF-E489E7E2D609}.Release|x64.Build.0 = Release|Any CPU
		{5B53C76B-FA2A-440E-BDFF-E489E7E2D609}.Release|x86.ActiveCfg = Release|Any CPU
		{5B53C76B-FA2A-440E-BDFF-E489E7E2D609}.Release|x86.Build.0 = Release|Any CPU
		{F1A9D07E-0E1C-4EE6-9F4F-420A7B2E55E4}.Debug|Any CPU.ActiveCfg = Debug|Any CPU
		{F1A9D07E-0E1C-4EE6-9F4F-420A7B2E55E4}.Debug|Any CPU.Build.0 = Debug|Any CPU
		{F1A9D07E-0E1C-4EE6-9F4F-420A7B2E55E4}.Debug|x64.ActiveCfg = Debug|Any CPU
		{F1A9D07E-0E1C-4EE6-9F4F-420A7B2E55E4}.Debug|x64.Build.0 = Debug|Any CPU
		{F1A9D07E-0E1C-4EE6-9F4F-420A7B2E55E4}.Debug|x86.ActiveCfg = Debug|Any CPU
		{F1A9D07E-0E1C-4EE6-9F4F-420A7B2E55E4}.Debug|x86.Build.0 = Debug|Any CPU
		{F1A9D07E-0E1C-4EE6-9F4F-420A7B2E55E4}.Release|Any CPU.ActiveCfg = Release|Any CPU
		{F1A9D07E-0E1C-4EE6-9F4F-420A7B2E55E4}.Release|Any CPU.Build.0 = Release|Any CPU
		{F1A9D07E-0E1C-4EE6-9F4F-420A7B2E55E4}.Release|x64.ActiveCfg = Release|Any CPU
		{F1A9D07E-0E1C-4EE6-9F4F-420A7B2E55E4}.Release|x64.Build.0 = Release|Any CPU
		{F1A9D07E-0E1C-4EE6-9F4F-420A7B2E55E4}.Release|x86.ActiveCfg = Release|Any CPU
		{F1A9D07E-0E1C-4EE6-9F4F-420A7B2E55E4}.Release|x86.Build.0 = Release|Any CPU
		{9E807930-574B-470F-8719-FC8D91CF86B4}.Debug|Any CPU.ActiveCfg = Debug|Any CPU
		{9E807930-574B-470F-8719-FC8D91CF86B4}.Debug|Any CPU.Build.0 = Debug|Any CPU
		{9E807930-574B-470F-8719-FC8D91CF86B4}.Debug|x64.ActiveCfg = Debug|Any CPU
		{9E807930-574B-470F-8719-FC8D91CF86B4}.Debug|x64.Build.0 = Debug|Any CPU
		{9E807930-574B-470F-8719-FC8D91CF86B4}.Debug|x86.ActiveCfg = Debug|Any CPU
		{9E807930-574B-470F-8719-FC8D91CF86B4}.Debug|x86.Build.0 = Debug|Any CPU
		{9E807930-574B-470F-8719-FC8D91CF86B4}.Release|Any CPU.ActiveCfg = Release|Any CPU
		{9E807930-574B-470F-8719-FC8D91CF86B4}.Release|Any CPU.Build.0 = Release|Any CPU
		{9E807930-574B-470F-8719-FC8D91CF86B4}.Release|x64.ActiveCfg = Release|Any CPU
		{9E807930-574B-470F-8719-FC8D91CF86B4}.Release|x64.Build.0 = Release|Any CPU
		{9E807930-574B-470F-8719-FC8D91CF86B4}.Release|x86.ActiveCfg = Release|Any CPU
		{9E807930-574B-470F-8719-FC8D91CF86B4}.Release|x86.Build.0 = Release|Any CPU
		{2E14DB09-0399-471E-91E7-44ABB665ED24}.Debug|Any CPU.ActiveCfg = Debug|Any CPU
		{2E14DB09-0399-471E-91E7-44ABB665ED24}.Debug|Any CPU.Build.0 = Debug|Any CPU
		{2E14DB09-0399-471E-91E7-44ABB665ED24}.Debug|x64.ActiveCfg = Debug|Any CPU
		{2E14DB09-0399-471E-91E7-44ABB665ED24}.Debug|x64.Build.0 = Debug|Any CPU
		{2E14DB09-0399-471E-91E7-44ABB665ED24}.Debug|x86.ActiveCfg = Debug|Any CPU
		{2E14DB09-0399-471E-91E7-44ABB665ED24}.Debug|x86.Build.0 = Debug|Any CPU
		{2E14DB09-0399-471E-91E7-44ABB665ED24}.Release|Any CPU.ActiveCfg = Release|Any CPU
		{2E14DB09-0399-471E-91E7-44ABB665ED24}.Release|Any CPU.Build.0 = Release|Any CPU
		{2E14DB09-0399-471E-91E7-44ABB665ED24}.Release|x64.ActiveCfg = Release|Any CPU
		{2E14DB09-0399-471E-91E7-44ABB665ED24}.Release|x64.Build.0 = Release|Any CPU
		{2E14DB09-0399-471E-91E7-44ABB665ED24}.Release|x86.ActiveCfg = Release|Any CPU
		{2E14DB09-0399-471E-91E7-44ABB665ED24}.Release|x86.Build.0 = Release|Any CPU
		{19640A46-9402-4024-B070-45197881B27C}.Debug|Any CPU.ActiveCfg = Debug|Any CPU
		{19640A46-9402-4024-B070-45197881B27C}.Debug|Any CPU.Build.0 = Debug|Any CPU
		{19640A46-9402-4024-B070-45197881B27C}.Debug|x64.ActiveCfg = Debug|Any CPU
		{19640A46-9402-4024-B070-45197881B27C}.Debug|x64.Build.0 = Debug|Any CPU
		{19640A46-9402-4024-B070-45197881B27C}.Debug|x86.ActiveCfg = Debug|Any CPU
		{19640A46-9402-4024-B070-45197881B27C}.Debug|x86.Build.0 = Debug|Any CPU
		{19640A46-9402-4024-B070-45197881B27C}.Release|Any CPU.ActiveCfg = Release|Any CPU
		{19640A46-9402-4024-B070-45197881B27C}.Release|Any CPU.Build.0 = Release|Any CPU
		{19640A46-9402-4024-B070-45197881B27C}.Release|x64.ActiveCfg = Release|Any CPU
		{19640A46-9402-4024-B070-45197881B27C}.Release|x64.Build.0 = Release|Any CPU
		{19640A46-9402-4024-B070-45197881B27C}.Release|x86.ActiveCfg = Release|Any CPU
		{19640A46-9402-4024-B070-45197881B27C}.Release|x86.Build.0 = Release|Any CPU
		{10850E92-EDA5-4B24-9D52-95D29A3C6299}.Debug|Any CPU.ActiveCfg = Debug|Any CPU
		{10850E92-EDA5-4B24-9D52-95D29A3C6299}.Debug|Any CPU.Build.0 = Debug|Any CPU
		{10850E92-EDA5-4B24-9D52-95D29A3C6299}.Debug|x64.ActiveCfg = Debug|Any CPU
		{10850E92-EDA5-4B24-9D52-95D29A3C6299}.Debug|x64.Build.0 = Debug|Any CPU
		{10850E92-EDA5-4B24-9D52-95D29A3C6299}.Debug|x86.ActiveCfg = Debug|Any CPU
		{10850E92-EDA5-4B24-9D52-95D29A3C6299}.Debug|x86.Build.0 = Debug|Any CPU
		{10850E92-EDA5-4B24-9D52-95D29A3C6299}.Release|Any CPU.ActiveCfg = Release|Any CPU
		{10850E92-EDA5-4B24-9D52-95D29A3C6299}.Release|Any CPU.Build.0 = Release|Any CPU
		{10850E92-EDA5-4B24-9D52-95D29A3C6299}.Release|x64.ActiveCfg = Release|Any CPU
		{10850E92-EDA5-4B24-9D52-95D29A3C6299}.Release|x64.Build.0 = Release|Any CPU
		{10850E92-EDA5-4B24-9D52-95D29A3C6299}.Release|x86.ActiveCfg = Release|Any CPU
		{10850E92-EDA5-4B24-9D52-95D29A3C6299}.Release|x86.Build.0 = Release|Any CPU
		{DBCBC8ED-685D-49A8-8985-43CE04951953}.Debug|Any CPU.ActiveCfg = Debug|Any CPU
		{DBCBC8ED-685D-49A8-8985-43CE04951953}.Debug|Any CPU.Build.0 = Debug|Any CPU
		{DBCBC8ED-685D-49A8-8985-43CE04951953}.Debug|x64.ActiveCfg = Debug|Any CPU
		{DBCBC8ED-685D-49A8-8985-43CE04951953}.Debug|x64.Build.0 = Debug|Any CPU
		{DBCBC8ED-685D-49A8-8985-43CE04951953}.Debug|x86.ActiveCfg = Debug|Any CPU
		{DBCBC8ED-685D-49A8-8985-43CE04951953}.Debug|x86.Build.0 = Debug|Any CPU
		{DBCBC8ED-685D-49A8-8985-43CE04951953}.Release|Any CPU.ActiveCfg = Release|Any CPU
		{DBCBC8ED-685D-49A8-8985-43CE04951953}.Release|Any CPU.Build.0 = Release|Any CPU
		{DBCBC8ED-685D-49A8-8985-43CE04951953}.Release|x64.ActiveCfg = Release|Any CPU
		{DBCBC8ED-685D-49A8-8985-43CE04951953}.Release|x64.Build.0 = Release|Any CPU
		{DBCBC8ED-685D-49A8-8985-43CE04951953}.Release|x86.ActiveCfg = Release|Any CPU
		{DBCBC8ED-685D-49A8-8985-43CE04951953}.Release|x86.Build.0 = Release|Any CPU
		{00E865B4-D19C-4DE6-BEF0-049C38BD7434}.Debug|Any CPU.ActiveCfg = Debug|Any CPU
		{00E865B4-D19C-4DE6-BEF0-049C38BD7434}.Debug|Any CPU.Build.0 = Debug|Any CPU
		{00E865B4-D19C-4DE6-BEF0-049C38BD7434}.Debug|x64.ActiveCfg = Debug|Any CPU
		{00E865B4-D19C-4DE6-BEF0-049C38BD7434}.Debug|x64.Build.0 = Debug|Any CPU
		{00E865B4-D19C-4DE6-BEF0-049C38BD7434}.Debug|x86.ActiveCfg = Debug|Any CPU
		{00E865B4-D19C-4DE6-BEF0-049C38BD7434}.Debug|x86.Build.0 = Debug|Any CPU
		{00E865B4-D19C-4DE6-BEF0-049C38BD7434}.Release|Any CPU.ActiveCfg = Release|Any CPU
		{00E865B4-D19C-4DE6-BEF0-049C38BD7434}.Release|Any CPU.Build.0 = Release|Any CPU
		{00E865B4-D19C-4DE6-BEF0-049C38BD7434}.Release|x64.ActiveCfg = Release|Any CPU
		{00E865B4-D19C-4DE6-BEF0-049C38BD7434}.Release|x64.Build.0 = Release|Any CPU
		{00E865B4-D19C-4DE6-BEF0-049C38BD7434}.Release|x86.ActiveCfg = Release|Any CPU
		{00E865B4-D19C-4DE6-BEF0-049C38BD7434}.Release|x86.Build.0 = Release|Any CPU
	EndGlobalSection
	GlobalSection(NestedProjects) = preSolution
		{F59E4E69-3613-4577-9F17-521508603B11} = {186C3CFF-88C4-4FC2-A7B4-5B612222C3CF}
		{A0BE6907-27F7-4A8E-A3E4-E87ABDABA4C4} = {F59E4E69-3613-4577-9F17-521508603B11}
		{1F18F85B-F30A-4B79-A780-A14BAE465F2A} = {186C3CFF-88C4-4FC2-A7B4-5B612222C3CF}
		{69B488F8-A70E-4D07-8EBF-0E05C388EA06} = {1F18F85B-F30A-4B79-A780-A14BAE465F2A}
		{3AC1BC83-7556-4F97-A43D-14B4AA668715} = {1F18F85B-F30A-4B79-A780-A14BAE465F2A}
		{1777CF89-4423-4456-A89A-6034A9C51B02} = {1AC76436-3DD8-494F-B63B-3710999E6A3D}
		{3F9E330F-EFA3-4164-A23D-465591604BE3} = {1777CF89-4423-4456-A89A-6034A9C51B02}
		{9FE3602F-BC15-4178-B517-08359222B66F} = {3F9E330F-EFA3-4164-A23D-465591604BE3}
		{1420A078-CE0B-4ABE-8BF9-C21BBC7CF847} = {3F9E330F-EFA3-4164-A23D-465591604BE3}
		{6918889F-B425-43F6-A40C-82C0E5BF5034} = {1777CF89-4423-4456-A89A-6034A9C51B02}
		{0767A9B6-139F-4222-ABBE-0F901A27FE22} = {6918889F-B425-43F6-A40C-82C0E5BF5034}
		{0B4D386D-DA32-4E97-AFD2-10EFF925DDED} = {6918889F-B425-43F6-A40C-82C0E5BF5034}
		{70E91829-DE53-4A3B-A6D1-DED3E14D6F81} = {1AC76436-3DD8-494F-B63B-3710999E6A3D}
		{1D9CB08D-B9B3-4AC8-85D3-A287B03C97A2} = {70E91829-DE53-4A3B-A6D1-DED3E14D6F81}
		{13D6B9BC-7006-4FB2-8067-750FA4BB45C3} = {1D9CB08D-B9B3-4AC8-85D3-A287B03C97A2}
		{9F765B3A-BB71-45FB-816C-42E202A6A8EF} = {1D9CB08D-B9B3-4AC8-85D3-A287B03C97A2}
		{AF7BB703-1F37-4299-8B96-F19FA85C2BA6} = {1D9CB08D-B9B3-4AC8-85D3-A287B03C97A2}
		{B4C38A0D-040C-4BF4-BB1D-E0048DB04E85} = {1D9CB08D-B9B3-4AC8-85D3-A287B03C97A2}
		{19F552DF-FF39-4137-A775-7E0BF32545E4} = {1D9CB08D-B9B3-4AC8-85D3-A287B03C97A2}
		{09FD5E11-6EE5-4337-AC6B-D53C9FA61C93} = {1D9CB08D-B9B3-4AC8-85D3-A287B03C97A2}
		{0D58EB8A-4B58-48F2-9071-D190E6BAE171} = {1D9CB08D-B9B3-4AC8-85D3-A287B03C97A2}
		{57B6A53F-8EC1-4DBB-967F-93CDB886EFCA} = {1D9CB08D-B9B3-4AC8-85D3-A287B03C97A2}
		{C572F261-8C8A-42CC-BB23-5A48175E166E} = {1D9CB08D-B9B3-4AC8-85D3-A287B03C97A2}
		{09B3F37D-EB7F-4466-A988-A2050BC5199F} = {1D9CB08D-B9B3-4AC8-85D3-A287B03C97A2}
		{D639F2FD-F9FC-4D37-806B-4338F925A2E2} = {1D9CB08D-B9B3-4AC8-85D3-A287B03C97A2}
		{F7CAEB73-C0BB-4C95-84D4-5544D1F700D1} = {70E91829-DE53-4A3B-A6D1-DED3E14D6F81}
		{09D8690A-0DBC-4AD8-B9BA-F93097EA1131} = {F7CAEB73-C0BB-4C95-84D4-5544D1F700D1}
		{A510AE5C-3D14-438C-AD23-73C3DED8D177} = {F7CAEB73-C0BB-4C95-84D4-5544D1F700D1}
		{10C92D6F-E7EE-4578-A2A6-64196C27571E} = {F7CAEB73-C0BB-4C95-84D4-5544D1F700D1}
		{AB96AA3E-6031-4B68-8B5C-B8BDF50B86DB} = {F7CAEB73-C0BB-4C95-84D4-5544D1F700D1}
		{FCFD84C6-6258-4CEC-B528-17E952AD9BB6} = {F7CAEB73-C0BB-4C95-84D4-5544D1F700D1}
		{C52DAD34-B203-4755-AD16-C637CA960CA1} = {F7CAEB73-C0BB-4C95-84D4-5544D1F700D1}
		{DE8F1B53-28E7-4725-A3E9-198017ECEE2A} = {F7CAEB73-C0BB-4C95-84D4-5544D1F700D1}
		{C41840A5-79C3-45D5-8F5C-8DADB5653543} = {F7CAEB73-C0BB-4C95-84D4-5544D1F700D1}
		{5672B24D-E2A0-4AA4-AFEF-E987AEBAB4D6} = {F7CAEB73-C0BB-4C95-84D4-5544D1F700D1}
		{5A6C0F2A-7223-459A-864F-4AADB37A8173} = {F7CAEB73-C0BB-4C95-84D4-5544D1F700D1}
		{002C151A-60E2-45F0-A741-9063AF2855E6} = {F7CAEB73-C0BB-4C95-84D4-5544D1F700D1}
		{5E81CE8A-C3F4-4298-B3C9-9FF0163E7F28} = {F7CAEB73-C0BB-4C95-84D4-5544D1F700D1}
		{81AA7319-FC6C-4787-9148-9D881B0C4525} = {F7CAEB73-C0BB-4C95-84D4-5544D1F700D1}
		{2BDF405F-6780-49E6-90CF-2F1A7A7073A8} = {1AC76436-3DD8-494F-B63B-3710999E6A3D}
		{9317D102-B063-45D0-9F6F-C73DDC61BE88} = {2BDF405F-6780-49E6-90CF-2F1A7A7073A8}
		{ECC15A7E-2779-4B83-9A08-68FB66B8C208} = {9317D102-B063-45D0-9F6F-C73DDC61BE88}
		{04625DD5-2CC1-4535-878B-EB9A5E45538A} = {9317D102-B063-45D0-9F6F-C73DDC61BE88}
		{803D4F72-B37D-4D19-A0E4-FCD5BD4CFC7B} = {9317D102-B063-45D0-9F6F-C73DDC61BE88}
		{CA86AD99-D6DC-46C1-9908-EBB69EA06036} = {9317D102-B063-45D0-9F6F-C73DDC61BE88}
		{EAECD454-0868-4425-A565-F139F6644018} = {2BDF405F-6780-49E6-90CF-2F1A7A7073A8}
		{DDC0F821-68D7-414D-AAC6-617D1378958F} = {EAECD454-0868-4425-A565-F139F6644018}
		{D57EDA33-679C-4522-997C-374B8B6E5DE8} = {1AC76436-3DD8-494F-B63B-3710999E6A3D}
		{B68E7732-1AC9-44CE-A683-01213CE6CFCF} = {D57EDA33-679C-4522-997C-374B8B6E5DE8}
		{19234B2C-B202-4E1F-9BE7-9468FEB635BC} = {B68E7732-1AC9-44CE-A683-01213CE6CFCF}
		{9FDA1085-C051-4BE3-9952-405A2E52E232} = {B68E7732-1AC9-44CE-A683-01213CE6CFCF}
		{F6AFE9AF-DE94-4F6B-B5AC-56F6BB721CA3} = {D57EDA33-679C-4522-997C-374B8B6E5DE8}
		{B0F1C222-26E0-43A5-A681-60D101704AD6} = {F6AFE9AF-DE94-4F6B-B5AC-56F6BB721CA3}
		{CCF5FC7B-3622-4EAE-B245-175EB187CE6A} = {F6AFE9AF-DE94-4F6B-B5AC-56F6BB721CA3}
		{08432BB8-E55E-4835-B5BD-7333DADF7304} = {1AC76436-3DD8-494F-B63B-3710999E6A3D}
		{8201A2E1-E6F7-4599-85F7-A55495B80D05} = {08432BB8-E55E-4835-B5BD-7333DADF7304}
		{9E09AEE4-03B0-48CC-85E1-7BF0CDAE4510} = {8201A2E1-E6F7-4599-85F7-A55495B80D05}
		{4A7FEF95-2D66-4C1B-80E7-190484F21815} = {8201A2E1-E6F7-4599-85F7-A55495B80D05}
		{EF5F7BA6-8873-42E8-8BE3-A6F09C431D67} = {08432BB8-E55E-4835-B5BD-7333DADF7304}
		{17BB4E49-B711-4585-85F0-325EF430FEB4} = {EF5F7BA6-8873-42E8-8BE3-A6F09C431D67}
		{7A67BD6A-33A8-4CD1-A3A0-534E6011D3CB} = {1AC76436-3DD8-494F-B63B-3710999E6A3D}
		{E8D96F81-733F-47F0-A78C-5717E867E2AB} = {7A67BD6A-33A8-4CD1-A3A0-534E6011D3CB}
		{DF721CE3-DA6C-400B-A481-AAFB254EF070} = {E8D96F81-733F-47F0-A78C-5717E867E2AB}
		{507D32A4-E492-4CD2-8201-4A7BEFF7D005} = {E8D96F81-733F-47F0-A78C-5717E867E2AB}
		{E2A0B9BD-D82E-4895-9496-D4E146D1A78E} = {7A67BD6A-33A8-4CD1-A3A0-534E6011D3CB}
		{220B20CE-8701-4608-A93C-86B16B7F356A} = {E2A0B9BD-D82E-4895-9496-D4E146D1A78E}
		{3802F361-C3CB-4C23-95EF-C5EF874186C2} = {E2A0B9BD-D82E-4895-9496-D4E146D1A78E}
		{7242DC6E-75AD-478E-9EE5-0BB07B99D7C8} = {E2A0B9BD-D82E-4895-9496-D4E146D1A78E}
		{4D18F0CA-CB0A-47CC-8BE7-A1CC9C451938} = {E2A0B9BD-D82E-4895-9496-D4E146D1A78E}
		{8BCBDB5C-25B0-4172-B1CE-B778A6DDEDF9} = {E2A0B9BD-D82E-4895-9496-D4E146D1A78E}
		{E3339D7F-A594-4969-BF46-65E7B3897DEF} = {E2A0B9BD-D82E-4895-9496-D4E146D1A78E}
		{6DD134F6-8FB3-4F0B-B762-CB6DFBA7B661} = {E2A0B9BD-D82E-4895-9496-D4E146D1A78E}
		{8AFF7210-7931-43B5-8816-4086A859A124} = {E2A0B9BD-D82E-4895-9496-D4E146D1A78E}
		{ACE0559F-F2E5-43FA-8EBF-7ECB6D45BB2B} = {E2A0B9BD-D82E-4895-9496-D4E146D1A78E}
		{374B4A1D-F068-4BFF-BEED-4BDFA32EF23C} = {E2A0B9BD-D82E-4895-9496-D4E146D1A78E}
		{9A8DE1F5-55BD-427F-926F-9211B80124E7} = {1AC76436-3DD8-494F-B63B-3710999E6A3D}
		{4A9C4870-577F-416D-8A41-668AC34A62D3} = {9A8DE1F5-55BD-427F-926F-9211B80124E7}
		{480B740B-5496-4FE9-99F9-0149CEEFB11C} = {4A9C4870-577F-416D-8A41-668AC34A62D3}
		{EAE57917-142C-4623-BBFD-950CADA05ACD} = {4A9C4870-577F-416D-8A41-668AC34A62D3}
		{5BFE4375-ECE8-4123-BD33-EBBBB1219BC3} = {9A8DE1F5-55BD-427F-926F-9211B80124E7}
		{4B8BC457-A7E9-499A-8609-E61ABE29719A} = {5BFE4375-ECE8-4123-BD33-EBBBB1219BC3}
		{BFD77DDE-35AF-4104-BD23-5C5541D3298C} = {5BFE4375-ECE8-4123-BD33-EBBBB1219BC3}
		{D1461479-72BF-45EC-9392-4520E6A445C4} = {5BFE4375-ECE8-4123-BD33-EBBBB1219BC3}
		{59A4A84A-0CA4-474D-9A78-50FDB0D6F682} = {5BFE4375-ECE8-4123-BD33-EBBBB1219BC3}
		{79ED0358-8B03-4888-9DFD-6E2505102595} = {1AC76436-3DD8-494F-B63B-3710999E6A3D}
		{72F6C1AC-65FF-4527-8B88-444BA5E928CD} = {79ED0358-8B03-4888-9DFD-6E2505102595}
		{68468993-ACC2-4C93-AB58-86E80C15574B} = {72F6C1AC-65FF-4527-8B88-444BA5E928CD}
		{5B53C76B-FA2A-440E-BDFF-E489E7E2D609} = {72F6C1AC-65FF-4527-8B88-444BA5E928CD}
		{F1A9D07E-0E1C-4EE6-9F4F-420A7B2E55E4} = {72F6C1AC-65FF-4527-8B88-444BA5E928CD}
		{AF6C8CEC-785E-4FF2-8673-C240ACBE1472} = {79ED0358-8B03-4888-9DFD-6E2505102595}
		{9E807930-574B-470F-8719-FC8D91CF86B4} = {AF6C8CEC-785E-4FF2-8673-C240ACBE1472}
		{EDB4913E-3A4F-4FEE-B29D-51CD5B298CB7} = {1AC76436-3DD8-494F-B63B-3710999E6A3D}
		{5C7BDB2F-E4DE-479B-AF2B-632FE338A136} = {EDB4913E-3A4F-4FEE-B29D-51CD5B298CB7}
		{2E14DB09-0399-471E-91E7-44ABB665ED24} = {5C7BDB2F-E4DE-479B-AF2B-632FE338A136}
		{19640A46-9402-4024-B070-45197881B27C} = {5C7BDB2F-E4DE-479B-AF2B-632FE338A136}
		{2B69740E-735D-4DE4-98BA-CE9B5776B2F2} = {EDB4913E-3A4F-4FEE-B29D-51CD5B298CB7}
		{10850E92-EDA5-4B24-9D52-95D29A3C6299} = {2B69740E-735D-4DE4-98BA-CE9B5776B2F2}
		{DBCBC8ED-685D-49A8-8985-43CE04951953} = {2B69740E-735D-4DE4-98BA-CE9B5776B2F2}
		{00E865B4-D19C-4DE6-BEF0-049C38BD7434} = {2B69740E-735D-4DE4-98BA-CE9B5776B2F2}
	EndGlobalSection
EndGlobal
